// !$*UTF8*$!
{
	archiveVersion = 1;
	classes = {
	};
	objectVersion = 46;
	objects = {

/* Begin PBXBuildFile section */
		C93169D11AE4571200626502 /* MobileTimerIconView.h in Headers */ = {isa = PBXBuildFile; fileRef = C93169CF1AE4571200626502 /* MobileTimerIconView.h */; };
		C93169D21AE4571200626502 /* MobileTimerIconView.m in Sources */ = {isa = PBXBuildFile; fileRef = C93169D01AE4571200626502 /* MobileTimerIconView.m */; };
		C9A1187D1AD03323001440A8 /* IBKMTTimerView.h in Headers */ = {isa = PBXBuildFile; fileRef = C9A1187B1AD03323001440A8 /* IBKMTTimerView.h */; };
		C9A1187E1AD03323001440A8 /* IBKMTTimerView.m in Sources */ = {isa = PBXBuildFile; fileRef = C9A1187C1AD03323001440A8 /* IBKMTTimerView.m */; };
		C9BAE2AF1AD2B36900687BA3 /* IBKMTAlarmViewController.h in Headers */ = {isa = PBXBuildFile; fileRef = C9BAE2AD1AD2B36900687BA3 /* IBKMTAlarmViewController.h */; };
		C9BAE2B01AD2B36900687BA3 /* IBKMTAlarmViewController.m in Sources */ = {isa = PBXBuildFile; fileRef = C9BAE2AE1AD2B36900687BA3 /* IBKMTAlarmViewController.m */; };
		C9BAE2B31AD2B65F00687BA3 /* IBKMTAlarmsCell.h in Headers */ = {isa = PBXBuildFile; fileRef = C9BAE2B11AD2B65F00687BA3 /* IBKMTAlarmsCell.h */; };
		C9BAE2B41AD2B65F00687BA3 /* IBKMTAlarmsCell.m in Sources */ = {isa = PBXBuildFile; fileRef = C9BAE2B21AD2B65F00687BA3 /* IBKMTAlarmsCell.m */; };
		C9EDC8951ACF2E9600310D21 /* Foundation.framework in Frameworks */ = {isa = PBXBuildFile; fileRef = C9EDC8941ACF2E9600310D21 /* Foundation.framework */; };
		C9EDC8971ACF2E9600310D21 /* UIKit.framework in Frameworks */ = {isa = PBXBuildFile; fileRef = C9EDC8961ACF2E9600310D21 /* UIKit.framework */; };
		C9EDC8A21ACF2E9600310D21 /* MobileTimerContentView.m in Sources */ = {isa = PBXBuildFile; fileRef = C9EDC8A11ACF2E9600310D21 /* MobileTimerContentView.m */; };
		C9EDC8A51ACF2E9600310D21 /* MobileTimerWidgetViewController.m in Sources */ = {isa = PBXBuildFile; fileRef = C9EDC8A41ACF2E9600310D21 /* MobileTimerWidgetViewController.m */; };
		C9EDC8B81ACF309F00310D21 /* BEMAnalogClockView.h in Headers */ = {isa = PBXBuildFile; fileRef = C9EDC8B61ACF309F00310D21 /* BEMAnalogClockView.h */; };
		C9EDC8B91ACF309F00310D21 /* BEMAnalogClockView.m in Sources */ = {isa = PBXBuildFile; fileRef = C9EDC8B71ACF309F00310D21 /* BEMAnalogClockView.m */; };
		C9EDC8BC1ACF30B000310D21 /* KSMHand.h in Headers */ = {isa = PBXBuildFile; fileRef = C9EDC8BA1ACF30B000310D21 /* KSMHand.h */; };
		C9EDC8BD1ACF30B000310D21 /* KSMHand.m in Sources */ = {isa = PBXBuildFile; fileRef = C9EDC8BB1ACF30B000310D21 /* KSMHand.m */; };
		C9EDC8C01ACF485C00310D21 /* IBKMobileTimerResources.h in Headers */ = {isa = PBXBuildFile; fileRef = C9EDC8BE1ACF485C00310D21 /* IBKMobileTimerResources.h */; };
		C9EDC8C11ACF485C00310D21 /* IBKMobileTimerResources.m in Sources */ = {isa = PBXBuildFile; fileRef = C9EDC8BF1ACF485C00310D21 /* IBKMobileTimerResources.m */; };
/* End PBXBuildFile section */

/* Begin PBXFileReference section */
		C93169CF1AE4571200626502 /* MobileTimerIconView.h */ = {isa = PBXFileReference; fileEncoding = 4; lastKnownFileType = sourcecode.c.h; path = MobileTimerIconView.h; sourceTree = "<group>"; };
		C93169D01AE4571200626502 /* MobileTimerIconView.m */ = {isa = PBXFileReference; fileEncoding = 4; lastKnownFileType = sourcecode.c.objc; path = MobileTimerIconView.m; sourceTree = "<group>"; };
		C9A1187B1AD03323001440A8 /* IBKMTTimerView.h */ = {isa = PBXFileReference; fileEncoding = 4; lastKnownFileType = sourcecode.c.h; path = IBKMTTimerView.h; sourceTree = "<group>"; };
		C9A1187C1AD03323001440A8 /* IBKMTTimerView.m */ = {isa = PBXFileReference; fileEncoding = 4; lastKnownFileType = sourcecode.c.objc; path = IBKMTTimerView.m; sourceTree = "<group>"; };
		C9BAE2AD1AD2B36900687BA3 /* IBKMTAlarmViewController.h */ = {isa = PBXFileReference; fileEncoding = 4; lastKnownFileType = sourcecode.c.h; path = IBKMTAlarmViewController.h; sourceTree = "<group>"; };
		C9BAE2AE1AD2B36900687BA3 /* IBKMTAlarmViewController.m */ = {isa = PBXFileReference; fileEncoding = 4; lastKnownFileType = sourcecode.c.objc; path = IBKMTAlarmViewController.m; sourceTree = "<group>"; };
		C9BAE2B11AD2B65F00687BA3 /* IBKMTAlarmsCell.h */ = {isa = PBXFileReference; fileEncoding = 4; lastKnownFileType = sourcecode.c.h; path = IBKMTAlarmsCell.h; sourceTree = "<group>"; };
		C9BAE2B21AD2B65F00687BA3 /* IBKMTAlarmsCell.m */ = {isa = PBXFileReference; fileEncoding = 4; lastKnownFileType = sourcecode.c.objc; path = IBKMTAlarmsCell.m; sourceTree = "<group>"; };
		C9EDC8911ACF2E9600310D21 /* MobileTimer */ = {isa = PBXFileReference; explicitFileType = "compiled.mach-o.dylib"; includeInIndex = 0; path = MobileTimer; sourceTree = BUILT_PRODUCTS_DIR; };
		C9EDC8941ACF2E9600310D21 /* Foundation.framework */ = {isa = PBXFileReference; lastKnownFileType = wrapper.framework; name = Foundation.framework; path = System/Library/Frameworks/Foundation.framework; sourceTree = SDKROOT; };
		C9EDC8961ACF2E9600310D21 /* UIKit.framework */ = {isa = PBXFileReference; lastKnownFileType = wrapper.framework; name = UIKit.framework; path = System/Library/Frameworks/UIKit.framework; sourceTree = SDKROOT; };
		C9EDC89B1ACF2E9600310D21 /* control.txt */ = {isa = PBXFileReference; lastKnownFileType = text; name = control.txt; path = Package/DEBIAN/control.txt; sourceTree = "<group>"; };
		C9EDC89C1ACF2E9600310D21 /* control */ = {isa = PBXFileReference; lastKnownFileType = text; name = control; path = Package/DEBIAN/control; sourceTree = "<group>"; };
		C9EDC89E1ACF2E9600310D21 /* PackageVersion.plist */ = {isa = PBXFileReference; lastKnownFileType = text.plist.xml; path = PackageVersion.plist; sourceTree = "<group>"; };
		C9EDC89F1ACF2E9600310D21 /* MobileTimer-Prefix.pch */ = {isa = PBXFileReference; lastKnownFileType = sourcecode.c.h; path = "MobileTimer-Prefix.pch"; sourceTree = "<group>"; };
		C9EDC8A01ACF2E9600310D21 /* MobileTimerContentView.h */ = {isa = PBXFileReference; lastKnownFileType = sourcecode.c.h; path = MobileTimerContentView.h; sourceTree = "<group>"; };
		C9EDC8A11ACF2E9600310D21 /* MobileTimerContentView.m */ = {isa = PBXFileReference; lastKnownFileType = sourcecode.c.objc; path = MobileTimerContentView.m; sourceTree = "<group>"; };
		C9EDC8A31ACF2E9600310D21 /* MobileTimerWidgetViewController.h */ = {isa = PBXFileReference; lastKnownFileType = sourcecode.c.h; path = MobileTimerWidgetViewController.h; sourceTree = "<group>"; };
		C9EDC8A41ACF2E9600310D21 /* MobileTimerWidgetViewController.m */ = {isa = PBXFileReference; lastKnownFileType = sourcecode.c.objc; path = MobileTimerWidgetViewController.m; sourceTree = "<group>"; };
		C9EDC8AC1ACF2E9600310D21 /* Info.plist */ = {isa = PBXFileReference; lastKnownFileType = text.plist.xml; name = Info.plist; path = Package/var/mobile/Library/Curago/Widgets/com.matchstic.MobileTimer/Info.plist; sourceTree = "<group>"; };
		C9EDC8AD1ACF2E9600310D21 /* InfoPlist.strings */ = {isa = PBXFileReference; lastKnownFileType = text.plist.strings; name = InfoPlist.strings; path = Package/var/mobile/Library/Curago/Widgets/com.matchstic.MobileTimer/InfoPlist.strings; sourceTree = "<group>"; };
		C9EDC8AE1ACF2E9600310D21 /* Icon.png */ = {isa = PBXFileReference; lastKnownFileType = image.png; name = Icon.png; path = Package/var/mobile/Library/Curago/Widgets/com.matchstic.MobileTimer/Icon.png; sourceTree = "<group>"; };
		C9EDC8AF1ACF2E9600310D21 /* Icon@2x.png */ = {isa = PBXFileReference; lastKnownFileType = image.png; name = "Icon@2x.png"; path = "Package/var/mobile/Library/Curago/Widgets/com.matchstic.MobileTimer/Icon@2x.png"; sourceTree = "<group>"; };
		C9EDC8B01ACF2E9600310D21 /* IBKWidgetDelegate.h */ = {isa = PBXFileReference; lastKnownFileType = sourcecode.c.h; path = IBKWidgetDelegate.h; sourceTree = "<group>"; };
		C9EDC8B61ACF309F00310D21 /* BEMAnalogClockView.h */ = {isa = PBXFileReference; fileEncoding = 4; lastKnownFileType = sourcecode.c.h; path = BEMAnalogClockView.h; sourceTree = "<group>"; };
		C9EDC8B71ACF309F00310D21 /* BEMAnalogClockView.m */ = {isa = PBXFileReference; fileEncoding = 4; lastKnownFileType = sourcecode.c.objc; path = BEMAnalogClockView.m; sourceTree = "<group>"; };
		C9EDC8BA1ACF30B000310D21 /* KSMHand.h */ = {isa = PBXFileReference; fileEncoding = 4; lastKnownFileType = sourcecode.c.h; path = KSMHand.h; sourceTree = "<group>"; };
		C9EDC8BB1ACF30B000310D21 /* KSMHand.m */ = {isa = PBXFileReference; fileEncoding = 4; lastKnownFileType = sourcecode.c.objc; path = KSMHand.m; sourceTree = "<group>"; };
		C9EDC8BE1ACF485C00310D21 /* IBKMobileTimerResources.h */ = {isa = PBXFileReference; fileEncoding = 4; lastKnownFileType = sourcecode.c.h; path = IBKMobileTimerResources.h; sourceTree = "<group>"; };
		C9EDC8BF1ACF485C00310D21 /* IBKMobileTimerResources.m */ = {isa = PBXFileReference; fileEncoding = 4; lastKnownFileType = sourcecode.c.objc; path = IBKMobileTimerResources.m; sourceTree = "<group>"; };
/* End PBXFileReference section */

/* Begin PBXFrameworksBuildPhase section */
		C9EDC88D1ACF2E9600310D21 /* Frameworks */ = {
			isa = PBXFrameworksBuildPhase;
			buildActionMask = 2147483647;
			files = (
				C9EDC8951ACF2E9600310D21 /* Foundation.framework in Frameworks */,
				C9EDC8971ACF2E9600310D21 /* UIKit.framework in Frameworks */,
			);
			runOnlyForDeploymentPostprocessing = 0;
		};
/* End PBXFrameworksBuildPhase section */

/* Begin PBXGroup section */
		C9EDC8871ACF2E9600310D21 = {
			isa = PBXGroup;
			children = (
				C9EDC8981ACF2E9600310D21 /* MobileTimer */,
				C9EDC8931ACF2E9600310D21 /* Frameworks */,
				C9EDC8921ACF2E9600310D21 /* Products */,
			);
			sourceTree = "<group>";
		};
		C9EDC8921ACF2E9600310D21 /* Products */ = {
			isa = PBXGroup;
			children = (
				C9EDC8911ACF2E9600310D21 /* MobileTimer */,
			);
			name = Products;
			sourceTree = "<group>";
		};
		C9EDC8931ACF2E9600310D21 /* Frameworks */ = {
			isa = PBXGroup;
			children = (
				C9EDC8941ACF2E9600310D21 /* Foundation.framework */,
				C9EDC8961ACF2E9600310D21 /* UIKit.framework */,
			);
			name = Frameworks;
			sourceTree = "<group>";
		};
		C9EDC8981ACF2E9600310D21 /* MobileTimer */ = {
			isa = PBXGroup;
			children = (
				C9EDC8A31ACF2E9600310D21 /* MobileTimerWidgetViewController.h */,
				C9EDC8A41ACF2E9600310D21 /* MobileTimerWidgetViewController.m */,
				C9EDC8A01ACF2E9600310D21 /* MobileTimerContentView.h */,
				C9EDC8A11ACF2E9600310D21 /* MobileTimerContentView.m */,
				C93169CF1AE4571200626502 /* MobileTimerIconView.h */,
				C93169D01AE4571200626502 /* MobileTimerIconView.m */,
				C9A1187B1AD03323001440A8 /* IBKMTTimerView.h */,
				C9A1187C1AD03323001440A8 /* IBKMTTimerView.m */,
				C9BAE2AD1AD2B36900687BA3 /* IBKMTAlarmViewController.h */,
				C9BAE2AE1AD2B36900687BA3 /* IBKMTAlarmViewController.m */,
				C9BAE2B11AD2B65F00687BA3 /* IBKMTAlarmsCell.h */,
				C9BAE2B21AD2B65F00687BA3 /* IBKMTAlarmsCell.m */,
				C9EDC8BE1ACF485C00310D21 /* IBKMobileTimerResources.h */,
				C9EDC8BF1ACF485C00310D21 /* IBKMobileTimerResources.m */,
				C9EDC8B61ACF309F00310D21 /* BEMAnalogClockView.h */,
				C9EDC8B71ACF309F00310D21 /* BEMAnalogClockView.m */,
				C9EDC8BA1ACF30B000310D21 /* KSMHand.h */,
				C9EDC8BB1ACF30B000310D21 /* KSMHand.m */,
				C9EDC8B01ACF2E9600310D21 /* IBKWidgetDelegate.h */,
				C9EDC8991ACF2E9600310D21 /* Package */,
				C9EDC89D1ACF2E9600310D21 /* Supporting Files */,
			);
			path = MobileTimer;
			sourceTree = "<group>";
		};
		C9EDC8991ACF2E9600310D21 /* Package */ = {
			isa = PBXGroup;
			children = (
				C9EDC89A1ACF2E9600310D21 /* DEBIAN */,
				C9EDC8A61ACF2E9600310D21 /* var */,
			);
			name = Package;
			sourceTree = "<group>";
		};
		C9EDC89A1ACF2E9600310D21 /* DEBIAN */ = {
			isa = PBXGroup;
			children = (
				C9EDC89B1ACF2E9600310D21 /* control.txt */,
				C9EDC89C1ACF2E9600310D21 /* control */,
			);
			name = DEBIAN;
			sourceTree = "<group>";
		};
		C9EDC89D1ACF2E9600310D21 /* Supporting Files */ = {
			isa = PBXGroup;
			children = (
				C9EDC89E1ACF2E9600310D21 /* PackageVersion.plist */,
				C9EDC89F1ACF2E9600310D21 /* MobileTimer-Prefix.pch */,
			);
			name = "Supporting Files";
			sourceTree = "<group>";
		};
		C9EDC8A61ACF2E9600310D21 /* var */ = {
			isa = PBXGroup;
			children = (
				C9EDC8A71ACF2E9600310D21 /* mobile */,
			);
			name = var;
			sourceTree = "<group>";
		};
		C9EDC8A71ACF2E9600310D21 /* mobile */ = {
			isa = PBXGroup;
			children = (
				C9EDC8A81ACF2E9600310D21 /* Library */,
			);
			name = mobile;
			sourceTree = "<group>";
		};
		C9EDC8A81ACF2E9600310D21 /* Library */ = {
			isa = PBXGroup;
			children = (
				C9EDC8A91ACF2E9600310D21 /* Curago */,
			);
			name = Library;
			sourceTree = "<group>";
		};
		C9EDC8A91ACF2E9600310D21 /* Curago */ = {
			isa = PBXGroup;
			children = (
				C9EDC8AA1ACF2E9600310D21 /* Widgets */,
			);
			name = Curago;
			sourceTree = "<group>";
		};
		C9EDC8AA1ACF2E9600310D21 /* Widgets */ = {
			isa = PBXGroup;
			children = (
				C9EDC8AB1ACF2E9600310D21 /* ___VARIABLE_bundleIdentifierPrefix:bundleIdentifier___.___VARIABLE_productName:RFC1034Identifier___ */,
			);
			name = Widgets;
			sourceTree = "<group>";
		};
		C9EDC8AB1ACF2E9600310D21 /* ___VARIABLE_bundleIdentifierPrefix:bundleIdentifier___.___VARIABLE_productName:RFC1034Identifier___ */ = {
			isa = PBXGroup;
			children = (
				C9EDC8AC1ACF2E9600310D21 /* Info.plist */,
				C9EDC8AD1ACF2E9600310D21 /* InfoPlist.strings */,
				C9EDC8AE1ACF2E9600310D21 /* Icon.png */,
				C9EDC8AF1ACF2E9600310D21 /* Icon@2x.png */,
			);
			name = "___VARIABLE_bundleIdentifierPrefix:bundleIdentifier___.___VARIABLE_productName:RFC1034Identifier___";
			sourceTree = "<group>";
		};
/* End PBXGroup section */

/* Begin PBXHeadersBuildPhase section */
		C9EDC88E1ACF2E9600310D21 /* Headers */ = {
			isa = PBXHeadersBuildPhase;
			buildActionMask = 2147483647;
			files = (
				C9BAE2AF1AD2B36900687BA3 /* IBKMTAlarmViewController.h in Headers */,
				C9EDC8B81ACF309F00310D21 /* BEMAnalogClockView.h in Headers */,
				C9A1187D1AD03323001440A8 /* IBKMTTimerView.h in Headers */,
				C9EDC8C01ACF485C00310D21 /* IBKMobileTimerResources.h in Headers */,
				C9BAE2B31AD2B65F00687BA3 /* IBKMTAlarmsCell.h in Headers */,
				C93169D11AE4571200626502 /* MobileTimerIconView.h in Headers */,
				C9EDC8BC1ACF30B000310D21 /* KSMHand.h in Headers */,
			);
			runOnlyForDeploymentPostprocessing = 0;
		};
/* End PBXHeadersBuildPhase section */

/* Begin PBXNativeTarget section */
		C9EDC8901ACF2E9600310D21 /* MobileTimer */ = {
			isa = PBXNativeTarget;
			buildConfigurationList = C9EDC8B31ACF2E9600310D21 /* Build configuration list for PBXNativeTarget "MobileTimer" */;
			buildPhases = (
				C9EDC88C1ACF2E9600310D21 /* Sources */,
				C9EDC88D1ACF2E9600310D21 /* Frameworks */,
				C9EDC88E1ACF2E9600310D21 /* Headers */,
				C9EDC88F1ACF2E9600310D21 /* ShellScript */,
			);
			buildRules = (
			);
			dependencies = (
			);
			name = MobileTimer;
			productName = MobileTimer;
			productReference = C9EDC8911ACF2E9600310D21 /* MobileTimer */;
			productType = "com.apple.product-type.library.dynamic";
		};
/* End PBXNativeTarget section */

/* Begin PBXProject section */
		C9EDC8881ACF2E9600310D21 /* Project object */ = {
			isa = PBXProject;
			attributes = {
				LastUpgradeCheck = 0510;
			};
			buildConfigurationList = C9EDC88B1ACF2E9600310D21 /* Build configuration list for PBXProject "MobileTimer" */;
			compatibilityVersion = "Xcode 3.2";
			developmentRegion = English;
			hasScannedForEncodings = 0;
			knownRegions = (
				en,
			);
			mainGroup = C9EDC8871ACF2E9600310D21;
			productRefGroup = C9EDC8921ACF2E9600310D21 /* Products */;
			projectDirPath = "";
			projectRoot = "";
			targets = (
				C9EDC8901ACF2E9600310D21 /* MobileTimer */,
			);
		};
/* End PBXProject section */

/* Begin PBXShellScriptBuildPhase section */
		C9EDC88F1ACF2E9600310D21 /* ShellScript */ = {
			isa = PBXShellScriptBuildPhase;
			buildActionMask = 2147483647;
			files = (
			);
			inputPaths = (
			);
			outputPaths = (
			);
			runOnlyForDeploymentPostprocessing = 0;
			shellPath = /bin/sh;
			shellScript = "/opt/iOSOpenDev/bin/iosod --xcbp";
		};
/* End PBXShellScriptBuildPhase section */

/* Begin PBXSourcesBuildPhase section */
		C9EDC88C1ACF2E9600310D21 /* Sources */ = {
			isa = PBXSourcesBuildPhase;
			buildActionMask = 2147483647;
			files = (
				C9A1187E1AD03323001440A8 /* IBKMTTimerView.m in Sources */,
				C9EDC8A51ACF2E9600310D21 /* MobileTimerWidgetViewController.m in Sources */,
				C93169D21AE4571200626502 /* MobileTimerIconView.m in Sources */,
				C9EDC8A21ACF2E9600310D21 /* MobileTimerContentView.m in Sources */,
				C9BAE2B41AD2B65F00687BA3 /* IBKMTAlarmsCell.m in Sources */,
				C9EDC8BD1ACF30B000310D21 /* KSMHand.m in Sources */,
				C9BAE2B01AD2B36900687BA3 /* IBKMTAlarmViewController.m in Sources */,
				C9EDC8B91ACF309F00310D21 /* BEMAnalogClockView.m in Sources */,
				C9EDC8C11ACF485C00310D21 /* IBKMobileTimerResources.m in Sources */,
			);
			runOnlyForDeploymentPostprocessing = 0;
		};
/* End PBXSourcesBuildPhase section */

/* Begin XCBuildConfiguration section */
		C9EDC8B11ACF2E9600310D21 /* Debug */ = {
			isa = XCBuildConfiguration;
			buildSettings = {
				CLANG_ENABLE_MODULES = YES;
				COPY_PHASE_STRIP = NO;
				EXCLUDED_RECURSIVE_SEARCH_PATH_SUBDIRECTORIES = "*.nib *.lproj *.gch (*) .DS_Store CVS .svn .git .hg *.xcodeproj *.xcode *.pbproj *.pbxproj";
				FRAMEWORK_SEARCH_PATHS = (
					"$(iOSOpenDevPath)/frameworks/**",
					"$(SDKROOT)/System/Library/PrivateFrameworks",
				);
				GCC_C_LANGUAGE_STANDARD = gnu99;
				GCC_DYNAMIC_NO_PIC = NO;
				GCC_OPTIMIZATION_LEVEL = 0;
				GCC_PREPROCESSOR_DEFINITIONS = (
					"DEBUG=1",
					"$(inherited)",
				);
				GCC_SYMBOLS_PRIVATE_EXTERN = NO;
				GCC_WARN_ABOUT_MISSING_PROTOTYPES = YES;
				GCC_WARN_ABOUT_RETURN_TYPE = YES;
				GCC_WARN_UNUSED_VARIABLE = YES;
				HEADER_SEARCH_PATHS = "$(iOSOpenDevPath)/include/**";
				IPHONEOS_DEPLOYMENT_TARGET = 7.1;
				LIBRARY_SEARCH_PATHS = "$(iOSOpenDevPath)/lib/**";
				ONLY_ACTIVE_ARCH = YES;
				SDKROOT = iphoneos;
				TARGETED_DEVICE_FAMILY = "1,2";
				VALIDATE_PRODUCT = NO;
				iOSOpenDevPath = /opt/iOSOpenDev;
			};
			name = Debug;
		};
		C9EDC8B21ACF2E9600310D21 /* Release */ = {
			isa = XCBuildConfiguration;
			buildSettings = {
				CLANG_ENABLE_MODULES = YES;
				COPY_PHASE_STRIP = YES;
				EXCLUDED_RECURSIVE_SEARCH_PATH_SUBDIRECTORIES = "*.nib *.lproj *.gch (*) .DS_Store CVS .svn .git .hg *.xcodeproj *.xcode *.pbproj *.pbxproj";
				FRAMEWORK_SEARCH_PATHS = (
					"$(iOSOpenDevPath)/frameworks/**",
					"$(SDKROOT)/System/Library/PrivateFrameworks",
				);
				GCC_C_LANGUAGE_STANDARD = gnu99;
				GCC_WARN_ABOUT_MISSING_PROTOTYPES = YES;
				GCC_WARN_ABOUT_RETURN_TYPE = YES;
				GCC_WARN_UNUSED_VARIABLE = YES;
				HEADER_SEARCH_PATHS = "$(iOSOpenDevPath)/include/**";
				IPHONEOS_DEPLOYMENT_TARGET = 7.1;
				LIBRARY_SEARCH_PATHS = "$(iOSOpenDevPath)/lib/**";
				SDKROOT = iphoneos;
				TARGETED_DEVICE_FAMILY = "1,2";
				VALIDATE_PRODUCT = YES;
				iOSOpenDevPath = /opt/iOSOpenDev;
			};
			name = Release;
		};
		C9EDC8B41ACF2E9600310D21 /* Debug */ = {
			isa = XCBuildConfiguration;
			buildSettings = {
				CLANG_ENABLE_OBJC_ARC = YES;
				CODE_SIGN_ENTITLEMENTS = "";
				CODE_SIGN_IDENTITY = "";
				DYLIB_COMPATIBILITY_VERSION = 1;
				DYLIB_CURRENT_VERSION = 1;
				EXECUTABLE_EXTENSION = dylib;
				EXECUTABLE_NAME = MobileTimer;
				GCC_PRECOMPILE_PREFIX_HEADER = YES;
				GCC_PREFIX_HEADER = "MobileTimer/MobileTimer-Prefix.pch";
				INSTALL_PATH = /var/mobile/Library/Curago/Widgets/com.matchstic.MobileTimer;
				PRODUCT_NAME = "$(TARGET_NAME)";
				iOSOpenDevBuildPackageOnAnyBuild = NO;
				iOSOpenDevCopyOnBuild = NO;
				iOSOpenDevDevice = "";
				iOSOpenDevInstallOnAnyBuild = NO;
				iOSOpenDevInstallOnProfiling = YES;
				iOSOpenDevRespringOnInstall = YES;
				iOSOpenDevUsePackageVersionPList = YES;
			};
			name = Debug;
		};
		C9EDC8B51ACF2E9600310D21 /* Release */ = {
			isa = XCBuildConfiguration;
			buildSettings = {
				CLANG_ENABLE_OBJC_ARC = YES;
				CODE_SIGN_ENTITLEMENTS = "";
				CODE_SIGN_IDENTITY = "";
				DYLIB_COMPATIBILITY_VERSION = 1;
				DYLIB_CURRENT_VERSION = 1;
				EXECUTABLE_EXTENSION = dylib;
				EXECUTABLE_NAME = MobileTimer;
				GCC_PRECOMPILE_PREFIX_HEADER = YES;
				GCC_PREFIX_HEADER = "MobileTimer/MobileTimer-Prefix.pch";
				INSTALL_PATH = /var/mobile/Library/Curago/Widgets/com.matchstic.MobileTimer;
				PRODUCT_NAME = "$(TARGET_NAME)";
				iOSOpenDevBuildPackageOnAnyBuild = NO;
				iOSOpenDevCopyOnBuild = NO;
				iOSOpenDevDevice = "";
				iOSOpenDevInstallOnAnyBuild = NO;
				iOSOpenDevInstallOnProfiling = YES;
				iOSOpenDevRespringOnInstall = YES;
				iOSOpenDevUsePackageVersionPList = YES;
			};
			name = Release;
		};
/* End XCBuildConfiguration section */

/* Begin XCConfigurationList section */
		C9EDC88B1ACF2E9600310D21 /* Build configuration list for PBXProject "MobileTimer" */ = {
			isa = XCConfigurationList;
			buildConfigurations = (
				C9EDC8B11ACF2E9600310D21 /* Debug */,
				C9EDC8B21ACF2E9600310D21 /* Release */,
			);
			defaultConfigurationIsVisible = 0;
			defaultConfigurationName = Release;
		};
		C9EDC8B31ACF2E9600310D21 /* Build configuration list for PBXNativeTarget "MobileTimer" */ = {
			isa = XCConfigurationList;
			buildConfigurations = (
				C9EDC8B41ACF2E9600310D21 /* Debug */,
				C9EDC8B51ACF2E9600310D21 /* Release */,
			);
			defaultConfigurationIsVisible = 0;
			defaultConfigurationName = Release;
		};
/* End XCConfigurationList section */
	};
	rootObject = C9EDC8881ACF2E9600310D21 /* Project object */;
}
