// !$*UTF8*$!
{
	archiveVersion = 1;
	classes = {
	};
	objectVersion = 46;
	objects = {

/* Begin PBXBuildFile section */
		C9F9377F1AE5AFA700810D91 /* Foundation.framework in Frameworks */ = {isa = PBXBuildFile; fileRef = C9F9377E1AE5AFA700810D91 /* Foundation.framework */; };
		C9F937811AE5AFA700810D91 /* UIKit.framework in Frameworks */ = {isa = PBXBuildFile; fileRef = C9F937801AE5AFA700810D91 /* UIKit.framework */; };
		C9F9378C1AE5AFA800810D91 /* CameraContentView.m in Sources */ = {isa = PBXBuildFile; fileRef = C9F9378B1AE5AFA800810D91 /* CameraContentView.m */; };
		C9F9378F1AE5AFA800810D91 /* CameraWidgetViewController.m in Sources */ = {isa = PBXBuildFile; fileRef = C9F9378E1AE5AFA800810D91 /* CameraWidgetViewController.m */; };
		C9F937A21AE5AFCA00810D91 /* CameraWidgetButton.h in Headers */ = {isa = PBXBuildFile; fileRef = C9F937A01AE5AFCA00810D91 /* CameraWidgetButton.h */; };
		C9F937A31AE5AFCA00810D91 /* CameraWidgetButton.m in Sources */ = {isa = PBXBuildFile; fileRef = C9F937A11AE5AFCA00810D91 /* CameraWidgetButton.m */; };
		C9F937A61AE5BB3400810D91 /* CKBlurView.h in Headers */ = {isa = PBXBuildFile; fileRef = C9F937A41AE5BB3400810D91 /* CKBlurView.h */; };
		C9F937A71AE5BB3400810D91 /* CKBlurView.m in Sources */ = {isa = PBXBuildFile; fileRef = C9F937A51AE5BB3400810D91 /* CKBlurView.m */; };
		C9F937AA1AE5F1A400810D91 /* CameraWidgetOverlayView.h in Headers */ = {isa = PBXBuildFile; fileRef = C9F937A81AE5F1A400810D91 /* CameraWidgetOverlayView.h */; };
		C9F937AB1AE5F1A400810D91 /* CameraWidgetOverlayView.m in Sources */ = {isa = PBXBuildFile; fileRef = C9F937A91AE5F1A400810D91 /* CameraWidgetOverlayView.m */; };
/* End PBXBuildFile section */

/* Begin PBXFileReference section */
		C9F9377B1AE5AFA700810D91 /* Camera */ = {isa = PBXFileReference; explicitFileType = "compiled.mach-o.dylib"; includeInIndex = 0; path = Camera; sourceTree = BUILT_PRODUCTS_DIR; };
		C9F9377E1AE5AFA700810D91 /* Foundation.framework */ = {isa = PBXFileReference; lastKnownFileType = wrapper.framework; name = Foundation.framework; path = System/Library/Frameworks/Foundation.framework; sourceTree = SDKROOT; };
		C9F937801AE5AFA700810D91 /* UIKit.framework */ = {isa = PBXFileReference; lastKnownFileType = wrapper.framework; name = UIKit.framework; path = System/Library/Frameworks/UIKit.framework; sourceTree = SDKROOT; };
		C9F937851AE5AFA700810D91 /* control.txt */ = {isa = PBXFileReference; lastKnownFileType = text; name = control.txt; path = Package/DEBIAN/control.txt; sourceTree = "<group>"; };
		C9F937861AE5AFA700810D91 /* control */ = {isa = PBXFileReference; lastKnownFileType = text; name = control; path = Package/DEBIAN/control; sourceTree = "<group>"; };
		C9F937881AE5AFA700810D91 /* PackageVersion.plist */ = {isa = PBXFileReference; lastKnownFileType = text.plist.xml; path = PackageVersion.plist; sourceTree = "<group>"; };
		C9F937891AE5AFA700810D91 /* Camera-Prefix.pch */ = {isa = PBXFileReference; lastKnownFileType = sourcecode.c.h; path = "Camera-Prefix.pch"; sourceTree = "<group>"; };
		C9F9378A1AE5AFA800810D91 /* CameraContentView.h */ = {isa = PBXFileReference; lastKnownFileType = sourcecode.c.h; path = CameraContentView.h; sourceTree = "<group>"; };
		C9F9378B1AE5AFA800810D91 /* CameraContentView.m */ = {isa = PBXFileReference; lastKnownFileType = sourcecode.c.objc; path = CameraContentView.m; sourceTree = "<group>"; };
		C9F9378D1AE5AFA800810D91 /* CameraWidgetViewController.h */ = {isa = PBXFileReference; lastKnownFileType = sourcecode.c.h; path = CameraWidgetViewController.h; sourceTree = "<group>"; };
		C9F9378E1AE5AFA800810D91 /* CameraWidgetViewController.m */ = {isa = PBXFileReference; lastKnownFileType = sourcecode.c.objc; path = CameraWidgetViewController.m; sourceTree = "<group>"; };
		C9F937961AE5AFA800810D91 /* Info.plist */ = {isa = PBXFileReference; lastKnownFileType = text.plist.xml; name = Info.plist; path = Package/var/mobile/Library/Curago/Widgets/com.apple.Camera/Info.plist; sourceTree = "<group>"; };
		C9F937971AE5AFA800810D91 /* InfoPlist.strings */ = {isa = PBXFileReference; lastKnownFileType = text.plist.strings; name = InfoPlist.strings; path = Package/var/mobile/Library/Curago/Widgets/com.apple.Camera/InfoPlist.strings; sourceTree = "<group>"; };
		C9F937981AE5AFA800810D91 /* Icon.png */ = {isa = PBXFileReference; lastKnownFileType = image.png; name = Icon.png; path = Package/var/mobile/Library/Curago/Widgets/com.apple.Camera/Icon.png; sourceTree = "<group>"; };
		C9F937991AE5AFA800810D91 /* Icon@2x.png */ = {isa = PBXFileReference; lastKnownFileType = image.png; name = "Icon@2x.png"; path = "Package/var/mobile/Library/Curago/Widgets/com.apple.Camera/Icon@2x.png"; sourceTree = "<group>"; };
		C9F9379A1AE5AFA800810D91 /* IBKWidgetDelegate.h */ = {isa = PBXFileReference; lastKnownFileType = sourcecode.c.h; path = IBKWidgetDelegate.h; sourceTree = "<group>"; };
		C9F937A01AE5AFCA00810D91 /* CameraWidgetButton.h */ = {isa = PBXFileReference; fileEncoding = 4; lastKnownFileType = sourcecode.c.h; path = CameraWidgetButton.h; sourceTree = "<group>"; };
		C9F937A11AE5AFCA00810D91 /* CameraWidgetButton.m */ = {isa = PBXFileReference; fileEncoding = 4; lastKnownFileType = sourcecode.c.objc; path = CameraWidgetButton.m; sourceTree = "<group>"; };
		C9F937A41AE5BB3400810D91 /* CKBlurView.h */ = {isa = PBXFileReference; fileEncoding = 4; lastKnownFileType = sourcecode.c.h; path = CKBlurView.h; sourceTree = "<group>"; };
		C9F937A51AE5BB3400810D91 /* CKBlurView.m */ = {isa = PBXFileReference; fileEncoding = 4; lastKnownFileType = sourcecode.c.objc; path = CKBlurView.m; sourceTree = "<group>"; };
		C9F937A81AE5F1A400810D91 /* CameraWidgetOverlayView.h */ = {isa = PBXFileReference; fileEncoding = 4; lastKnownFileType = sourcecode.c.h; path = CameraWidgetOverlayView.h; sourceTree = "<group>"; };
		C9F937A91AE5F1A400810D91 /* CameraWidgetOverlayView.m */ = {isa = PBXFileReference; fileEncoding = 4; lastKnownFileType = sourcecode.c.objc; path = CameraWidgetOverlayView.m; sourceTree = "<group>"; };
/* End PBXFileReference section */

/* Begin PBXFrameworksBuildPhase section */
		C9F937771AE5AFA700810D91 /* Frameworks */ = {
			isa = PBXFrameworksBuildPhase;
			buildActionMask = 2147483647;
			files = (
				C9F9377F1AE5AFA700810D91 /* Foundation.framework in Frameworks */,
				C9F937811AE5AFA700810D91 /* UIKit.framework in Frameworks */,
			);
			runOnlyForDeploymentPostprocessing = 0;
		};
/* End PBXFrameworksBuildPhase section */

/* Begin PBXGroup section */
		C9F937711AE5AFA700810D91 = {
			isa = PBXGroup;
			children = (
				C9F937821AE5AFA700810D91 /* Camera */,
				C9F9377D1AE5AFA700810D91 /* Frameworks */,
				C9F9377C1AE5AFA700810D91 /* Products */,
			);
			sourceTree = "<group>";
		};
		C9F9377C1AE5AFA700810D91 /* Products */ = {
			isa = PBXGroup;
			children = (
				C9F9377B1AE5AFA700810D91 /* Camera */,
			);
			name = Products;
			sourceTree = "<group>";
		};
		C9F9377D1AE5AFA700810D91 /* Frameworks */ = {
			isa = PBXGroup;
			children = (
				C9F9377E1AE5AFA700810D91 /* Foundation.framework */,
				C9F937801AE5AFA700810D91 /* UIKit.framework */,
			);
			name = Frameworks;
			sourceTree = "<group>";
		};
		C9F937821AE5AFA700810D91 /* Camera */ = {
			isa = PBXGroup;
			children = (
				C9F937A41AE5BB3400810D91 /* CKBlurView.h */,
				C9F937A51AE5BB3400810D91 /* CKBlurView.m */,
				C9F9378A1AE5AFA800810D91 /* CameraContentView.h */,
				C9F9378B1AE5AFA800810D91 /* CameraContentView.m */,
				C9F9378D1AE5AFA800810D91 /* CameraWidgetViewController.h */,
				C9F9378E1AE5AFA800810D91 /* CameraWidgetViewController.m */,
				C9F937A81AE5F1A400810D91 /* CameraWidgetOverlayView.h */,
				C9F937A91AE5F1A400810D91 /* CameraWidgetOverlayView.m */,
				C9F937A01AE5AFCA00810D91 /* CameraWidgetButton.h */,
				C9F937A11AE5AFCA00810D91 /* CameraWidgetButton.m */,
				C9F9379A1AE5AFA800810D91 /* IBKWidgetDelegate.h */,
				C9F937831AE5AFA700810D91 /* Package */,
				C9F937871AE5AFA700810D91 /* Supporting Files */,
			);
			path = Camera;
			sourceTree = "<group>";
		};
		C9F937831AE5AFA700810D91 /* Package */ = {
			isa = PBXGroup;
			children = (
				C9F937841AE5AFA700810D91 /* DEBIAN */,
				C9F937901AE5AFA800810D91 /* var */,
			);
			name = Package;
			sourceTree = "<group>";
		};
		C9F937841AE5AFA700810D91 /* DEBIAN */ = {
			isa = PBXGroup;
			children = (
				C9F937851AE5AFA700810D91 /* control.txt */,
				C9F937861AE5AFA700810D91 /* control */,
			);
			name = DEBIAN;
			sourceTree = "<group>";
		};
		C9F937871AE5AFA700810D91 /* Supporting Files */ = {
			isa = PBXGroup;
			children = (
				C9F937881AE5AFA700810D91 /* PackageVersion.plist */,
				C9F937891AE5AFA700810D91 /* Camera-Prefix.pch */,
			);
			name = "Supporting Files";
			sourceTree = "<group>";
		};
		C9F937901AE5AFA800810D91 /* var */ = {
			isa = PBXGroup;
			children = (
				C9F937911AE5AFA800810D91 /* mobile */,
			);
			name = var;
			sourceTree = "<group>";
		};
		C9F937911AE5AFA800810D91 /* mobile */ = {
			isa = PBXGroup;
			children = (
				C9F937921AE5AFA800810D91 /* Library */,
			);
			name = mobile;
			sourceTree = "<group>";
		};
		C9F937921AE5AFA800810D91 /* Library */ = {
			isa = PBXGroup;
			children = (
				C9F937931AE5AFA800810D91 /* Curago */,
			);
			name = Library;
			sourceTree = "<group>";
		};
		C9F937931AE5AFA800810D91 /* Curago */ = {
			isa = PBXGroup;
			children = (
				C9F937941AE5AFA800810D91 /* Widgets */,
			);
			name = Curago;
			sourceTree = "<group>";
		};
		C9F937941AE5AFA800810D91 /* Widgets */ = {
			isa = PBXGroup;
			children = (
				C9F937951AE5AFA800810D91 /* ___VARIABLE_bundleIdentifierPrefix:bundleIdentifier___.___VARIABLE_productName:RFC1034Identifier___ */,
			);
			name = Widgets;
			sourceTree = "<group>";
		};
		C9F937951AE5AFA800810D91 /* ___VARIABLE_bundleIdentifierPrefix:bundleIdentifier___.___VARIABLE_productName:RFC1034Identifier___ */ = {
			isa = PBXGroup;
			children = (
				C9F937961AE5AFA800810D91 /* Info.plist */,
				C9F937971AE5AFA800810D91 /* InfoPlist.strings */,
				C9F937981AE5AFA800810D91 /* Icon.png */,
				C9F937991AE5AFA800810D91 /* Icon@2x.png */,
			);
			name = "___VARIABLE_bundleIdentifierPrefix:bundleIdentifier___.___VARIABLE_productName:RFC1034Identifier___";
			sourceTree = "<group>";
		};
/* End PBXGroup section */

/* Begin PBXHeadersBuildPhase section */
		C9F937781AE5AFA700810D91 /* Headers */ = {
			isa = PBXHeadersBuildPhase;
			buildActionMask = 2147483647;
			files = (
				C9F937A61AE5BB3400810D91 /* CKBlurView.h in Headers */,
				C9F937AA1AE5F1A400810D91 /* CameraWidgetOverlayView.h in Headers */,
				C9F937A21AE5AFCA00810D91 /* CameraWidgetButton.h in Headers */,
			);
			runOnlyForDeploymentPostprocessing = 0;
		};
/* End PBXHeadersBuildPhase section */

/* Begin PBXNativeTarget section */
		C9F9377A1AE5AFA700810D91 /* Camera */ = {
			isa = PBXNativeTarget;
			buildConfigurationList = C9F9379D1AE5AFA800810D91 /* Build configuration list for PBXNativeTarget "Camera" */;
			buildPhases = (
				C9F937761AE5AFA700810D91 /* Sources */,
				C9F937771AE5AFA700810D91 /* Frameworks */,
				C9F937781AE5AFA700810D91 /* Headers */,
				C9F937791AE5AFA700810D91 /* ShellScript */,
			);
			buildRules = (
			);
			dependencies = (
			);
			name = Camera;
			productName = Camera;
			productReference = C9F9377B1AE5AFA700810D91 /* Camera */;
			productType = "com.apple.product-type.library.dynamic";
		};
/* End PBXNativeTarget section */

/* Begin PBXProject section */
		C9F937721AE5AFA700810D91 /* Project object */ = {
			isa = PBXProject;
			attributes = {
				LastUpgradeCheck = 0510;
			};
			buildConfigurationList = C9F937751AE5AFA700810D91 /* Build configuration list for PBXProject "Camera" */;
			compatibilityVersion = "Xcode 3.2";
			developmentRegion = English;
			hasScannedForEncodings = 0;
			knownRegions = (
				en,
			);
			mainGroup = C9F937711AE5AFA700810D91;
			productRefGroup = C9F9377C1AE5AFA700810D91 /* Products */;
			projectDirPath = "";
			projectRoot = "";
			targets = (
				C9F9377A1AE5AFA700810D91 /* Camera */,
			);
		};
/* End PBXProject section */

/* Begin PBXShellScriptBuildPhase section */
		C9F937791AE5AFA700810D91 /* ShellScript */ = {
			isa = PBXShellScriptBuildPhase;
			buildActionMask = 2147483647;
			files = (
			);
			inputPaths = (
			);
			outputPaths = (
			);
			runOnlyForDeploymentPostprocessing = 0;
			shellPath = /bin/sh;
			shellScript = "/opt/iOSOpenDev/bin/iosod --xcbp";
		};
/* End PBXShellScriptBuildPhase section */

/* Begin PBXSourcesBuildPhase section */
		C9F937761AE5AFA700810D91 /* Sources */ = {
			isa = PBXSourcesBuildPhase;
			buildActionMask = 2147483647;
			files = (
				C9F937AB1AE5F1A400810D91 /* CameraWidgetOverlayView.m in Sources */,
				C9F9378C1AE5AFA800810D91 /* CameraContentView.m in Sources */,
				C9F937A71AE5BB3400810D91 /* CKBlurView.m in Sources */,
				C9F937A31AE5AFCA00810D91 /* CameraWidgetButton.m in Sources */,
				C9F9378F1AE5AFA800810D91 /* CameraWidgetViewController.m in Sources */,
			);
			runOnlyForDeploymentPostprocessing = 0;
		};
/* End PBXSourcesBuildPhase section */

/* Begin XCBuildConfiguration section */
		C9F9379B1AE5AFA800810D91 /* Debug */ = {
			isa = XCBuildConfiguration;
			buildSettings = {
				CLANG_ENABLE_MODULES = YES;
				COPY_PHASE_STRIP = NO;
				EXCLUDED_RECURSIVE_SEARCH_PATH_SUBDIRECTORIES = "*.nib *.lproj *.gch (*) .DS_Store CVS .svn .git .hg *.xcodeproj *.xcode *.pbproj *.pbxproj";
				FRAMEWORK_SEARCH_PATHS = (
					"$(iOSOpenDevPath)/frameworks/**",
					"$(SDKROOT)/System/Library/PrivateFrameworks",
				);
				GCC_C_LANGUAGE_STANDARD = gnu99;
				GCC_DYNAMIC_NO_PIC = NO;
				GCC_OPTIMIZATION_LEVEL = 0;
				GCC_PREPROCESSOR_DEFINITIONS = (
					"DEBUG=1",
					"$(inherited)",
				);
				GCC_SYMBOLS_PRIVATE_EXTERN = NO;
				GCC_WARN_ABOUT_MISSING_PROTOTYPES = YES;
				GCC_WARN_ABOUT_RETURN_TYPE = YES;
				GCC_WARN_UNUSED_VARIABLE = YES;
				HEADER_SEARCH_PATHS = "$(iOSOpenDevPath)/include/**";
				IPHONEOS_DEPLOYMENT_TARGET = 7.1;
				LIBRARY_SEARCH_PATHS = "$(iOSOpenDevPath)/lib/**";
				ONLY_ACTIVE_ARCH = YES;
				SDKROOT = iphoneos;
				TARGETED_DEVICE_FAMILY = "1,2";
				VALIDATE_PRODUCT = NO;
				iOSOpenDevPath = /opt/iOSOpenDev;
			};
			name = Debug;
		};
		C9F9379C1AE5AFA800810D91 /* Release */ = {
			isa = XCBuildConfiguration;
			buildSettings = {
				CLANG_ENABLE_MODULES = YES;
				COPY_PHASE_STRIP = YES;
				EXCLUDED_RECURSIVE_SEARCH_PATH_SUBDIRECTORIES = "*.nib *.lproj *.gch (*) .DS_Store CVS .svn .git .hg *.xcodeproj *.xcode *.pbproj *.pbxproj";
				FRAMEWORK_SEARCH_PATHS = (
					"$(iOSOpenDevPath)/frameworks/**",
					"$(SDKROOT)/System/Library/PrivateFrameworks",
				);
				GCC_C_LANGUAGE_STANDARD = gnu99;
				GCC_WARN_ABOUT_MISSING_PROTOTYPES = YES;
				GCC_WARN_ABOUT_RETURN_TYPE = YES;
				GCC_WARN_UNUSED_VARIABLE = YES;
				HEADER_SEARCH_PATHS = "$(iOSOpenDevPath)/include/**";
				IPHONEOS_DEPLOYMENT_TARGET = 7.1;
				LIBRARY_SEARCH_PATHS = "$(iOSOpenDevPath)/lib/**";
				SDKROOT = iphoneos;
				TARGETED_DEVICE_FAMILY = "1,2";
				VALIDATE_PRODUCT = YES;
				iOSOpenDevPath = /opt/iOSOpenDev;
			};
			name = Release;
		};
		C9F9379E1AE5AFA800810D91 /* Debug */ = {
			isa = XCBuildConfiguration;
			buildSettings = {
				CLANG_ENABLE_OBJC_ARC = YES;
				CODE_SIGN_IDENTITY = "";
				DYLIB_COMPATIBILITY_VERSION = 1;
				DYLIB_CURRENT_VERSION = 1;
				EXECUTABLE_EXTENSION = dylib;
				EXECUTABLE_NAME = Camera;
				GCC_PRECOMPILE_PREFIX_HEADER = YES;
				GCC_PREFIX_HEADER = "Camera/Camera-Prefix.pch";
				INSTALL_PATH = /var/mobile/Library/Curago/Widgets/com.apple.Camera;
				PRODUCT_NAME = "$(TARGET_NAME)";
				iOSOpenDevBuildPackageOnAnyBuild = NO;
				iOSOpenDevCopyOnBuild = NO;
				iOSOpenDevDevice = "";
				iOSOpenDevInstallOnAnyBuild = NO;
				iOSOpenDevInstallOnProfiling = YES;
				iOSOpenDevRespringOnInstall = YES;
				iOSOpenDevUsePackageVersionPList = YES;
			};
			name = Debug;
		};
		C9F9379F1AE5AFA800810D91 /* Release */ = {
			isa = XCBuildConfiguration;
			buildSettings = {
				CLANG_ENABLE_OBJC_ARC = YES;
				CODE_SIGN_IDENTITY = "";
				DYLIB_COMPATIBILITY_VERSION = 1;
				DYLIB_CURRENT_VERSION = 1;
				EXECUTABLE_EXTENSION = dylib;
				EXECUTABLE_NAME = Camera;
				GCC_PRECOMPILE_PREFIX_HEADER = YES;
				GCC_PREFIX_HEADER = "Camera/Camera-Prefix.pch";
				INSTALL_PATH = /var/mobile/Library/Curago/Widgets/com.apple.Camera;
				PRODUCT_NAME = "$(TARGET_NAME)";
				iOSOpenDevBuildPackageOnAnyBuild = NO;
				iOSOpenDevCopyOnBuild = NO;
				iOSOpenDevDevice = "";
				iOSOpenDevInstallOnAnyBuild = NO;
				iOSOpenDevInstallOnProfiling = YES;
				iOSOpenDevRespringOnInstall = YES;
				iOSOpenDevUsePackageVersionPList = YES;
			};
			name = Release;
		};
/* End XCBuildConfiguration section */

/* Begin XCConfigurationList section */
		C9F937751AE5AFA700810D91 /* Build configuration list for PBXProject "Camera" */ = {
			isa = XCConfigurationList;
			buildConfigurations = (
				C9F9379B1AE5AFA800810D91 /* Debug */,
				C9F9379C1AE5AFA800810D91 /* Release */,
			);
			defaultConfigurationIsVisible = 0;
			defaultConfigurationName = Release;
		};
		C9F9379D1AE5AFA800810D91 /* Build configuration list for PBXNativeTarget "Camera" */ = {
			isa = XCConfigurationList;
			buildConfigurations = (
				C9F9379E1AE5AFA800810D91 /* Debug */,
				C9F9379F1AE5AFA800810D91 /* Release */,
			);
			defaultConfigurationIsVisible = 0;
		};
/* End XCConfigurationList section */
	};
	rootObject = C9F937721AE5AFA700810D91 /* Project object */;
}
