// !$*UTF8*$!
{
	archiveVersion = 1;
	classes = {
	};
	objectVersion = 46;
	objects = {

/* Begin PBXBuildFile section */
		C9272A311A08F14300F7E0F5 /* Foundation.framework in Frameworks */ = {isa = PBXBuildFile; fileRef = C9272A301A08F14300F7E0F5 /* Foundation.framework */; };
		C9272A331A08F14300F7E0F5 /* UIKit.framework in Frameworks */ = {isa = PBXBuildFile; fileRef = C9272A321A08F14300F7E0F5 /* UIKit.framework */; };
		C9272A3E1A08F14300F7E0F5 /* MusicWidgetViewController.m in Sources */ = {isa = PBXBuildFile; fileRef = C9272A3D1A08F14300F7E0F5 /* MusicWidgetViewController.m */; };
		C9283F1A1B66C3F900BDD261 /* MediaRemote.framework in Frameworks */ = {isa = PBXBuildFile; fileRef = C9283F191B66C3F900BDD261 /* MediaRemote.framework */; };
		C9AE48381AC0579E0004A0A2 /* MediaPlayer.framework in Frameworks */ = {isa = PBXBuildFile; fileRef = C9AE48371AC0579E0004A0A2 /* MediaPlayer.framework */; };
		C9D3F9661A83BEBC003F6BA5 /* IBKMusicButton.h in Headers */ = {isa = PBXBuildFile; fileRef = C9D3F9641A83BEBC003F6BA5 /* IBKMusicButton.h */; };
		C9D3F9671A83BEBC003F6BA5 /* IBKMusicButton.m in Sources */ = {isa = PBXBuildFile; fileRef = C9D3F9651A83BEBC003F6BA5 /* IBKMusicButton.m */; };
/* End PBXBuildFile section */

/* Begin PBXFileReference section */
		C9272A2D1A08F14300F7E0F5 /* Music */ = {isa = PBXFileReference; explicitFileType = "compiled.mach-o.dylib"; includeInIndex = 0; path = Music; sourceTree = BUILT_PRODUCTS_DIR; };
		C9272A301A08F14300F7E0F5 /* Foundation.framework */ = {isa = PBXFileReference; lastKnownFileType = wrapper.framework; name = Foundation.framework; path = System/Library/Frameworks/Foundation.framework; sourceTree = SDKROOT; };
		C9272A321A08F14300F7E0F5 /* UIKit.framework */ = {isa = PBXFileReference; lastKnownFileType = wrapper.framework; name = UIKit.framework; path = System/Library/Frameworks/UIKit.framework; sourceTree = SDKROOT; };
		C9272A371A08F14300F7E0F5 /* control.txt */ = {isa = PBXFileReference; lastKnownFileType = text; name = control.txt; path = Package/DEBIAN/control.txt; sourceTree = "<group>"; };
		C9272A381A08F14300F7E0F5 /* control */ = {isa = PBXFileReference; lastKnownFileType = text; name = control; path = Package/DEBIAN/control; sourceTree = "<group>"; };
		C9272A3A1A08F14300F7E0F5 /* PackageVersion.plist */ = {isa = PBXFileReference; lastKnownFileType = text.plist.xml; path = PackageVersion.plist; sourceTree = "<group>"; };
		C9272A3B1A08F14300F7E0F5 /* Music-Prefix.pch */ = {isa = PBXFileReference; lastKnownFileType = sourcecode.c.h; path = "Music-Prefix.pch"; sourceTree = "<group>"; };
		C9272A3C1A08F14300F7E0F5 /* MusicWidgetViewController.h */ = {isa = PBXFileReference; lastKnownFileType = sourcecode.c.h; path = MusicWidgetViewController.h; sourceTree = "<group>"; };
		C9272A3D1A08F14300F7E0F5 /* MusicWidgetViewController.m */ = {isa = PBXFileReference; lastKnownFileType = sourcecode.c.objc; path = MusicWidgetViewController.m; sourceTree = "<group>"; };
		C9272A451A08F14300F7E0F5 /* Info.plist */ = {isa = PBXFileReference; lastKnownFileType = text.plist.xml; name = Info.plist; path = Package/var/mobile/Library/Curago/Widgets/com.matchstic.Music/Info.plist; sourceTree = "<group>"; };
		C9272A461A08F14300F7E0F5 /* InfoPlist.strings */ = {isa = PBXFileReference; lastKnownFileType = text.plist.strings; name = InfoPlist.strings; path = Package/var/mobile/Library/Curago/Widgets/com.matchstic.Music/InfoPlist.strings; sourceTree = "<group>"; };
		C9272A471A08F14300F7E0F5 /* Icon.png */ = {isa = PBXFileReference; lastKnownFileType = image.png; name = Icon.png; path = Package/var/mobile/Library/Curago/Widgets/com.matchstic.Music/Icon.png; sourceTree = "<group>"; };
		C9272A481A08F14300F7E0F5 /* Icon@2x.png */ = {isa = PBXFileReference; lastKnownFileType = image.png; name = "Icon@2x.png"; path = "Package/var/mobile/Library/Curago/Widgets/com.matchstic.Music/Icon@2x.png"; sourceTree = "<group>"; };
		C9272A491A08F14300F7E0F5 /* IBKWidgetDelegate.h */ = {isa = PBXFileReference; lastKnownFileType = sourcecode.c.h; path = IBKWidgetDelegate.h; sourceTree = "<group>"; };
		C9283F191B66C3F900BDD261 /* MediaRemote.framework */ = {isa = PBXFileReference; lastKnownFileType = wrapper.framework; name = MediaRemote.framework; path = System/Library/PrivateFrameworks/MediaRemote.framework; sourceTree = SDKROOT; };
		C9AE48371AC0579E0004A0A2 /* MediaPlayer.framework */ = {isa = PBXFileReference; lastKnownFileType = wrapper.framework; name = MediaPlayer.framework; path = System/Library/Frameworks/MediaPlayer.framework; sourceTree = SDKROOT; };
		C9D3F9641A83BEBC003F6BA5 /* IBKMusicButton.h */ = {isa = PBXFileReference; fileEncoding = 4; lastKnownFileType = sourcecode.c.h; path = IBKMusicButton.h; sourceTree = "<group>"; };
		C9D3F9651A83BEBC003F6BA5 /* IBKMusicButton.m */ = {isa = PBXFileReference; fileEncoding = 4; lastKnownFileType = sourcecode.c.objc; path = IBKMusicButton.m; sourceTree = "<group>"; };
/* End PBXFileReference section */

/* Begin PBXFrameworksBuildPhase section */
		C9272A291A08F14300F7E0F5 /* Frameworks */ = {
			isa = PBXFrameworksBuildPhase;
			buildActionMask = 2147483647;
			files = (
				C9283F1A1B66C3F900BDD261 /* MediaRemote.framework in Frameworks */,
				C9AE48381AC0579E0004A0A2 /* MediaPlayer.framework in Frameworks */,
				C9272A311A08F14300F7E0F5 /* Foundation.framework in Frameworks */,
				C9272A331A08F14300F7E0F5 /* UIKit.framework in Frameworks */,
			);
			runOnlyForDeploymentPostprocessing = 0;
		};
/* End PBXFrameworksBuildPhase section */

/* Begin PBXGroup section */
		C9272A231A08F14300F7E0F5 = {
			isa = PBXGroup;
			children = (
				C9272A341A08F14300F7E0F5 /* Music */,
				C9272A2F1A08F14300F7E0F5 /* Frameworks */,
				C9272A2E1A08F14300F7E0F5 /* Products */,
			);
			sourceTree = "<group>";
		};
		C9272A2E1A08F14300F7E0F5 /* Products */ = {
			isa = PBXGroup;
			children = (
				C9272A2D1A08F14300F7E0F5 /* Music */,
			);
			name = Products;
			sourceTree = "<group>";
		};
		C9272A2F1A08F14300F7E0F5 /* Frameworks */ = {
			isa = PBXGroup;
			children = (
				C9283F191B66C3F900BDD261 /* MediaRemote.framework */,
				C9AE48371AC0579E0004A0A2 /* MediaPlayer.framework */,
				C9272A301A08F14300F7E0F5 /* Foundation.framework */,
				C9272A321A08F14300F7E0F5 /* UIKit.framework */,
			);
			name = Frameworks;
			sourceTree = "<group>";
		};
		C9272A341A08F14300F7E0F5 /* Music */ = {
			isa = PBXGroup;
			children = (
				C9272A3C1A08F14300F7E0F5 /* MusicWidgetViewController.h */,
				C9272A3D1A08F14300F7E0F5 /* MusicWidgetViewController.m */,
				C9D3F9641A83BEBC003F6BA5 /* IBKMusicButton.h */,
				C9D3F9651A83BEBC003F6BA5 /* IBKMusicButton.m */,
				C9272A491A08F14300F7E0F5 /* IBKWidgetDelegate.h */,
				C9272A351A08F14300F7E0F5 /* Package */,
				C9272A391A08F14300F7E0F5 /* Supporting Files */,
			);
			path = Music;
			sourceTree = "<group>";
		};
		C9272A351A08F14300F7E0F5 /* Package */ = {
			isa = PBXGroup;
			children = (
				C9272A361A08F14300F7E0F5 /* DEBIAN */,
				C9272A3F1A08F14300F7E0F5 /* var */,
			);
			name = Package;
			sourceTree = "<group>";
		};
		C9272A361A08F14300F7E0F5 /* DEBIAN */ = {
			isa = PBXGroup;
			children = (
				C9272A371A08F14300F7E0F5 /* control.txt */,
				C9272A381A08F14300F7E0F5 /* control */,
			);
			name = DEBIAN;
			sourceTree = "<group>";
		};
		C9272A391A08F14300F7E0F5 /* Supporting Files */ = {
			isa = PBXGroup;
			children = (
				C9272A3A1A08F14300F7E0F5 /* PackageVersion.plist */,
				C9272A3B1A08F14300F7E0F5 /* Music-Prefix.pch */,
			);
			name = "Supporting Files";
			sourceTree = "<group>";
		};
		C9272A3F1A08F14300F7E0F5 /* var */ = {
			isa = PBXGroup;
			children = (
				C9272A401A08F14300F7E0F5 /* mobile */,
			);
			name = var;
			sourceTree = "<group>";
		};
		C9272A401A08F14300F7E0F5 /* mobile */ = {
			isa = PBXGroup;
			children = (
				C9272A411A08F14300F7E0F5 /* Library */,
			);
			name = mobile;
			sourceTree = "<group>";
		};
		C9272A411A08F14300F7E0F5 /* Library */ = {
			isa = PBXGroup;
			children = (
				C9272A421A08F14300F7E0F5 /* Curago */,
			);
			name = Library;
			sourceTree = "<group>";
		};
		C9272A421A08F14300F7E0F5 /* Curago */ = {
			isa = PBXGroup;
			children = (
				C9272A431A08F14300F7E0F5 /* Widgets */,
			);
			name = Curago;
			sourceTree = "<group>";
		};
		C9272A431A08F14300F7E0F5 /* Widgets */ = {
			isa = PBXGroup;
			children = (
				C9272A441A08F14300F7E0F5 /* ___VARIABLE_bundleIdentifierPrefix:bundleIdentifier___.___VARIABLE_productName:RFC1034Identifier___ */,
			);
			name = Widgets;
			sourceTree = "<group>";
		};
		C9272A441A08F14300F7E0F5 /* ___VARIABLE_bundleIdentifierPrefix:bundleIdentifier___.___VARIABLE_productName:RFC1034Identifier___ */ = {
			isa = PBXGroup;
			children = (
				C9272A451A08F14300F7E0F5 /* Info.plist */,
				C9272A461A08F14300F7E0F5 /* InfoPlist.strings */,
				C9272A471A08F14300F7E0F5 /* Icon.png */,
				C9272A481A08F14300F7E0F5 /* Icon@2x.png */,
			);
			name = "___VARIABLE_bundleIdentifierPrefix:bundleIdentifier___.___VARIABLE_productName:RFC1034Identifier___";
			sourceTree = "<group>";
		};
/* End PBXGroup section */

/* Begin PBXHeadersBuildPhase section */
		C9272A2A1A08F14300F7E0F5 /* Headers */ = {
			isa = PBXHeadersBuildPhase;
			buildActionMask = 2147483647;
			files = (
				C9D3F9661A83BEBC003F6BA5 /* IBKMusicButton.h in Headers */,
			);
			runOnlyForDeploymentPostprocessing = 0;
		};
/* End PBXHeadersBuildPhase section */

/* Begin PBXNativeTarget section */
		C9272A2C1A08F14300F7E0F5 /* Music */ = {
			isa = PBXNativeTarget;
			buildConfigurationList = C9272A4C1A08F14300F7E0F5 /* Build configuration list for PBXNativeTarget "Music" */;
			buildPhases = (
				C9272A281A08F14300F7E0F5 /* Sources */,
				C9272A291A08F14300F7E0F5 /* Frameworks */,
				C9272A2A1A08F14300F7E0F5 /* Headers */,
				C9272A2B1A08F14300F7E0F5 /* ShellScript */,
			);
			buildRules = (
			);
			dependencies = (
			);
			name = Music;
			productName = Music;
			productReference = C9272A2D1A08F14300F7E0F5 /* Music */;
			productType = "com.apple.product-type.library.dynamic";
		};
/* End PBXNativeTarget section */

/* Begin PBXProject section */
		C9272A241A08F14300F7E0F5 /* Project object */ = {
			isa = PBXProject;
			attributes = {
				LastUpgradeCheck = 0510;
			};
			buildConfigurationList = C9272A271A08F14300F7E0F5 /* Build configuration list for PBXProject "Music" */;
			compatibilityVersion = "Xcode 3.2";
			developmentRegion = English;
			hasScannedForEncodings = 0;
			knownRegions = (
				en,
			);
			mainGroup = C9272A231A08F14300F7E0F5;
			productRefGroup = C9272A2E1A08F14300F7E0F5 /* Products */;
			projectDirPath = "";
			projectRoot = "";
			targets = (
				C9272A2C1A08F14300F7E0F5 /* Music */,
			);
		};
/* End PBXProject section */

/* Begin PBXShellScriptBuildPhase section */
		C9272A2B1A08F14300F7E0F5 /* ShellScript */ = {
			isa = PBXShellScriptBuildPhase;
			buildActionMask = 2147483647;
			files = (
			);
			inputPaths = (
			);
			outputPaths = (
			);
			runOnlyForDeploymentPostprocessing = 0;
			shellPath = /bin/sh;
			shellScript = "/opt/iOSOpenDev/bin/iosod --xcbp";
		};
/* End PBXShellScriptBuildPhase section */

/* Begin PBXSourcesBuildPhase section */
		C9272A281A08F14300F7E0F5 /* Sources */ = {
			isa = PBXSourcesBuildPhase;
			buildActionMask = 2147483647;
			files = (
				C9D3F9671A83BEBC003F6BA5 /* IBKMusicButton.m in Sources */,
				C9272A3E1A08F14300F7E0F5 /* MusicWidgetViewController.m in Sources */,
			);
			runOnlyForDeploymentPostprocessing = 0;
		};
/* End PBXSourcesBuildPhase section */

/* Begin XCBuildConfiguration section */
		C9272A4A1A08F14300F7E0F5 /* Debug */ = {
			isa = XCBuildConfiguration;
			buildSettings = {
				CLANG_ENABLE_MODULES = YES;
				COPY_PHASE_STRIP = NO;
				EXCLUDED_RECURSIVE_SEARCH_PATH_SUBDIRECTORIES = "*.nib *.lproj *.gch (*) .DS_Store CVS .svn .git .hg *.xcodeproj *.xcode *.pbproj *.pbxproj";
				FRAMEWORK_SEARCH_PATHS = (
					"$(iOSOpenDevPath)/frameworks/**",
					"$(SDKROOT)/System/Library/PrivateFrameworks",
				);
				GCC_C_LANGUAGE_STANDARD = gnu99;
				GCC_DYNAMIC_NO_PIC = NO;
				GCC_OPTIMIZATION_LEVEL = 0;
				GCC_PREPROCESSOR_DEFINITIONS = (
					"DEBUG=1",
					"$(inherited)",
				);
				GCC_SYMBOLS_PRIVATE_EXTERN = NO;
				GCC_WARN_ABOUT_MISSING_PROTOTYPES = YES;
				GCC_WARN_ABOUT_RETURN_TYPE = YES;
				GCC_WARN_UNUSED_VARIABLE = YES;
				HEADER_SEARCH_PATHS = "$(iOSOpenDevPath)/include/**";
				IPHONEOS_DEPLOYMENT_TARGET = 7.1;
				LIBRARY_SEARCH_PATHS = "$(iOSOpenDevPath)/lib/**";
				ONLY_ACTIVE_ARCH = YES;
				SDKROOT = iphoneos;
				TARGETED_DEVICE_FAMILY = "1,2";
				VALIDATE_PRODUCT = NO;
				iOSOpenDevPath = /opt/iOSOpenDev;
			};
			name = Debug;
		};
		C9272A4B1A08F14300F7E0F5 /* Release */ = {
			isa = XCBuildConfiguration;
			buildSettings = {
				CLANG_ENABLE_MODULES = YES;
				COPY_PHASE_STRIP = YES;
				EXCLUDED_RECURSIVE_SEARCH_PATH_SUBDIRECTORIES = "*.nib *.lproj *.gch (*) .DS_Store CVS .svn .git .hg *.xcodeproj *.xcode *.pbproj *.pbxproj";
				FRAMEWORK_SEARCH_PATHS = (
					"$(iOSOpenDevPath)/frameworks/**",
					"$(SDKROOT)/System/Library/PrivateFrameworks",
				);
				GCC_C_LANGUAGE_STANDARD = gnu99;
				GCC_WARN_ABOUT_MISSING_PROTOTYPES = YES;
				GCC_WARN_ABOUT_RETURN_TYPE = YES;
				GCC_WARN_UNUSED_VARIABLE = YES;
				HEADER_SEARCH_PATHS = "$(iOSOpenDevPath)/include/**";
				IPHONEOS_DEPLOYMENT_TARGET = 7.1;
				LIBRARY_SEARCH_PATHS = "$(iOSOpenDevPath)/lib/**";
				SDKROOT = iphoneos;
				TARGETED_DEVICE_FAMILY = "1,2";
				VALIDATE_PRODUCT = YES;
				iOSOpenDevPath = /opt/iOSOpenDev;
			};
			name = Release;
		};
		C9272A4D1A08F14300F7E0F5 /* Debug */ = {
			isa = XCBuildConfiguration;
			buildSettings = {
				CLANG_ENABLE_OBJC_ARC = YES;
				CODE_SIGN_IDENTITY = "";
				DYLIB_COMPATIBILITY_VERSION = 1;
				DYLIB_CURRENT_VERSION = 1;
				EXECUTABLE_EXTENSION = dylib;
				EXECUTABLE_NAME = Music;
				FRAMEWORK_SEARCH_PATHS = (
					"$(inherited)",
					"$(SDKROOT)$(SYSTEM_LIBRARY_DIR)/PrivateFrameworks",
				);
				GCC_PRECOMPILE_PREFIX_HEADER = YES;
				GCC_PREFIX_HEADER = "Music/Music-Prefix.pch";
				INSTALL_PATH = /var/mobile/Library/Curago/Widgets/com.matchstic.Music;
				PRODUCT_NAME = "$(TARGET_NAME)";
				iOSOpenDevBuildPackageOnAnyBuild = NO;
				iOSOpenDevCopyOnBuild = NO;
				iOSOpenDevDevice = "";
				iOSOpenDevInstallOnAnyBuild = NO;
				iOSOpenDevInstallOnProfiling = YES;
				iOSOpenDevRespringOnInstall = YES;
				iOSOpenDevUsePackageVersionPList = YES;
			};
			name = Debug;
		};
		C9272A4E1A08F14300F7E0F5 /* Release */ = {
			isa = XCBuildConfiguration;
			buildSettings = {
				CLANG_ENABLE_OBJC_ARC = YES;
				CODE_SIGN_IDENTITY = "";
				DYLIB_COMPATIBILITY_VERSION = 1;
				DYLIB_CURRENT_VERSION = 1;
				EXECUTABLE_EXTENSION = dylib;
				EXECUTABLE_NAME = Music;
				FRAMEWORK_SEARCH_PATHS = (
					"$(inherited)",
					"$(SDKROOT)$(SYSTEM_LIBRARY_DIR)/PrivateFrameworks",
				);
				GCC_PRECOMPILE_PREFIX_HEADER = YES;
				GCC_PREFIX_HEADER = "Music/Music-Prefix.pch";
				INSTALL_PATH = /var/mobile/Library/Curago/Widgets/com.matchstic.Music;
				PRODUCT_NAME = "$(TARGET_NAME)";
				iOSOpenDevBuildPackageOnAnyBuild = NO;
				iOSOpenDevCopyOnBuild = NO;
				iOSOpenDevDevice = "";
				iOSOpenDevInstallOnAnyBuild = NO;
				iOSOpenDevInstallOnProfiling = YES;
				iOSOpenDevRespringOnInstall = YES;
				iOSOpenDevUsePackageVersionPList = YES;
			};
			name = Release;
		};
/* End XCBuildConfiguration section */

/* Begin XCConfigurationList section */
		C9272A271A08F14300F7E0F5 /* Build configuration list for PBXProject "Music" */ = {
			isa = XCConfigurationList;
			buildConfigurations = (
				C9272A4A1A08F14300F7E0F5 /* Debug */,
				C9272A4B1A08F14300F7E0F5 /* Release */,
			);
			defaultConfigurationIsVisible = 0;
			defaultConfigurationName = Release;
		};
		C9272A4C1A08F14300F7E0F5 /* Build configuration list for PBXNativeTarget "Music" */ = {
			isa = XCConfigurationList;
			buildConfigurations = (
				C9272A4D1A08F14300F7E0F5 /* Debug */,
				C9272A4E1A08F14300F7E0F5 /* Release */,
			);
			defaultConfigurationIsVisible = 0;
			defaultConfigurationName = Release;
		};
/* End XCConfigurationList section */
	};
	rootObject = C9272A241A08F14300F7E0F5 /* Project object */;
}
