// !$*UTF8*$!
{
	archiveVersion = 1;
	classes = {
	};
	objectVersion = 46;
	objects = {

/* Begin PBXBuildFile section */
		C96749CE1AADE1BF00FF3CA9 /* CWVIBKView.h in Headers */ = {isa = PBXBuildFile; fileRef = C96749CC1AADE1BF00FF3CA9 /* CWVIBKView.h */; };
		C96749CF1AADE1BF00FF3CA9 /* CWVIBKView.m in Sources */ = {isa = PBXBuildFile; fileRef = C96749CD1AADE1BF00FF3CA9 /* CWVIBKView.m */; };
		C9986F391AA2541900383DA2 /* Foundation.framework in Frameworks */ = {isa = PBXBuildFile; fileRef = C9986F381AA2541900383DA2 /* Foundation.framework */; };
		C9986F3B1AA2541900383DA2 /* UIKit.framework in Frameworks */ = {isa = PBXBuildFile; fileRef = C9986F3A1AA2541900383DA2 /* UIKit.framework */; };
		C9986F461AA2541900383DA2 /* calendarWidgetViewController.m in Sources */ = {isa = PBXBuildFile; fileRef = C9986F451AA2541900383DA2 /* calendarWidgetViewController.m */; };
/* End PBXBuildFile section */

/* Begin PBXFileReference section */
		C96749CC1AADE1BF00FF3CA9 /* CWVIBKView.h */ = {isa = PBXFileReference; fileEncoding = 4; lastKnownFileType = sourcecode.c.h; path = CWVIBKView.h; sourceTree = "<group>"; };
		C96749CD1AADE1BF00FF3CA9 /* CWVIBKView.m */ = {isa = PBXFileReference; fileEncoding = 4; lastKnownFileType = sourcecode.c.objc; path = CWVIBKView.m; sourceTree = "<group>"; };
		C9986F351AA2541900383DA2 /* calendar */ = {isa = PBXFileReference; explicitFileType = "compiled.mach-o.dylib"; includeInIndex = 0; path = calendar; sourceTree = BUILT_PRODUCTS_DIR; };
		C9986F381AA2541900383DA2 /* Foundation.framework */ = {isa = PBXFileReference; lastKnownFileType = wrapper.framework; name = Foundation.framework; path = System/Library/Frameworks/Foundation.framework; sourceTree = SDKROOT; };
		C9986F3A1AA2541900383DA2 /* UIKit.framework */ = {isa = PBXFileReference; lastKnownFileType = wrapper.framework; name = UIKit.framework; path = System/Library/Frameworks/UIKit.framework; sourceTree = SDKROOT; };
		C9986F3F1AA2541900383DA2 /* control.txt */ = {isa = PBXFileReference; lastKnownFileType = text; name = control.txt; path = Package/DEBIAN/control.txt; sourceTree = "<group>"; };
		C9986F401AA2541900383DA2 /* control */ = {isa = PBXFileReference; lastKnownFileType = text; name = control; path = Package/DEBIAN/control; sourceTree = "<group>"; };
		C9986F421AA2541900383DA2 /* PackageVersion.plist */ = {isa = PBXFileReference; lastKnownFileType = text.plist.xml; path = PackageVersion.plist; sourceTree = "<group>"; };
		C9986F431AA2541900383DA2 /* calendar-Prefix.pch */ = {isa = PBXFileReference; lastKnownFileType = sourcecode.c.h; path = "calendar-Prefix.pch"; sourceTree = "<group>"; };
		C9986F441AA2541900383DA2 /* calendarWidgetViewController.h */ = {isa = PBXFileReference; lastKnownFileType = sourcecode.c.h; path = calendarWidgetViewController.h; sourceTree = "<group>"; };
		C9986F451AA2541900383DA2 /* calendarWidgetViewController.m */ = {isa = PBXFileReference; lastKnownFileType = sourcecode.c.objc; path = calendarWidgetViewController.m; sourceTree = "<group>"; };
		C9986F4D1AA2541900383DA2 /* Info.plist */ = {isa = PBXFileReference; lastKnownFileType = text.plist.xml; name = Info.plist; path = Package/var/mobile/Library/Curago/Widgets/com.matchstic.calendar/Info.plist; sourceTree = "<group>"; };
		C9986F4E1AA2541900383DA2 /* InfoPlist.strings */ = {isa = PBXFileReference; lastKnownFileType = text.plist.strings; name = InfoPlist.strings; path = Package/var/mobile/Library/Curago/Widgets/com.matchstic.calendar/InfoPlist.strings; sourceTree = "<group>"; };
		C9986F4F1AA2541900383DA2 /* Icon.png */ = {isa = PBXFileReference; lastKnownFileType = image.png; name = Icon.png; path = Package/var/mobile/Library/Curago/Widgets/com.matchstic.calendar/Icon.png; sourceTree = "<group>"; };
		C9986F501AA2541900383DA2 /* Icon@2x.png */ = {isa = PBXFileReference; lastKnownFileType = image.png; name = "Icon@2x.png"; path = "Package/var/mobile/Library/Curago/Widgets/com.matchstic.calendar/Icon@2x.png"; sourceTree = "<group>"; };
		C9986F511AA2541900383DA2 /* IBKWidgetDelegate.h */ = {isa = PBXFileReference; lastKnownFileType = sourcecode.c.h; path = IBKWidgetDelegate.h; sourceTree = "<group>"; };
/* End PBXFileReference section */

/* Begin PBXFrameworksBuildPhase section */
		C9986F311AA2541900383DA2 /* Frameworks */ = {
			isa = PBXFrameworksBuildPhase;
			buildActionMask = 2147483647;
			files = (
				C9986F391AA2541900383DA2 /* Foundation.framework in Frameworks */,
				C9986F3B1AA2541900383DA2 /* UIKit.framework in Frameworks */,
			);
			runOnlyForDeploymentPostprocessing = 0;
		};
/* End PBXFrameworksBuildPhase section */

/* Begin PBXGroup section */
		C9986F2B1AA2541900383DA2 = {
			isa = PBXGroup;
			children = (
				C9986F3C1AA2541900383DA2 /* calendar */,
				C9986F371AA2541900383DA2 /* Frameworks */,
				C9986F361AA2541900383DA2 /* Products */,
			);
			sourceTree = "<group>";
		};
		C9986F361AA2541900383DA2 /* Products */ = {
			isa = PBXGroup;
			children = (
				C9986F351AA2541900383DA2 /* calendar */,
			);
			name = Products;
			sourceTree = "<group>";
		};
		C9986F371AA2541900383DA2 /* Frameworks */ = {
			isa = PBXGroup;
			children = (
				C9986F381AA2541900383DA2 /* Foundation.framework */,
				C9986F3A1AA2541900383DA2 /* UIKit.framework */,
			);
			name = Frameworks;
			sourceTree = "<group>";
		};
		C9986F3C1AA2541900383DA2 /* calendar */ = {
			isa = PBXGroup;
			children = (
				C9986F441AA2541900383DA2 /* calendarWidgetViewController.h */,
				C9986F451AA2541900383DA2 /* calendarWidgetViewController.m */,
				C96749CC1AADE1BF00FF3CA9 /* CWVIBKView.h */,
				C96749CD1AADE1BF00FF3CA9 /* CWVIBKView.m */,
				C9986F511AA2541900383DA2 /* IBKWidgetDelegate.h */,
				C9986F3D1AA2541900383DA2 /* Package */,
				C9986F411AA2541900383DA2 /* Supporting Files */,
			);
			path = calendar;
			sourceTree = "<group>";
		};
		C9986F3D1AA2541900383DA2 /* Package */ = {
			isa = PBXGroup;
			children = (
				C9986F3E1AA2541900383DA2 /* DEBIAN */,
				C9986F471AA2541900383DA2 /* var */,
			);
			name = Package;
			sourceTree = "<group>";
		};
		C9986F3E1AA2541900383DA2 /* DEBIAN */ = {
			isa = PBXGroup;
			children = (
				C9986F3F1AA2541900383DA2 /* control.txt */,
				C9986F401AA2541900383DA2 /* control */,
			);
			name = DEBIAN;
			sourceTree = "<group>";
		};
		C9986F411AA2541900383DA2 /* Supporting Files */ = {
			isa = PBXGroup;
			children = (
				C9986F421AA2541900383DA2 /* PackageVersion.plist */,
				C9986F431AA2541900383DA2 /* calendar-Prefix.pch */,
			);
			name = "Supporting Files";
			sourceTree = "<group>";
		};
		C9986F471AA2541900383DA2 /* var */ = {
			isa = PBXGroup;
			children = (
				C9986F481AA2541900383DA2 /* mobile */,
			);
			name = var;
			sourceTree = "<group>";
		};
		C9986F481AA2541900383DA2 /* mobile */ = {
			isa = PBXGroup;
			children = (
				C9986F491AA2541900383DA2 /* Library */,
			);
			name = mobile;
			sourceTree = "<group>";
		};
		C9986F491AA2541900383DA2 /* Library */ = {
			isa = PBXGroup;
			children = (
				C9986F4A1AA2541900383DA2 /* Curago */,
			);
			name = Library;
			sourceTree = "<group>";
		};
		C9986F4A1AA2541900383DA2 /* Curago */ = {
			isa = PBXGroup;
			children = (
				C9986F4B1AA2541900383DA2 /* Widgets */,
			);
			name = Curago;
			sourceTree = "<group>";
		};
		C9986F4B1AA2541900383DA2 /* Widgets */ = {
			isa = PBXGroup;
			children = (
				C9986F4C1AA2541900383DA2 /* ___VARIABLE_bundleIdentifierPrefix:bundleIdentifier___.___VARIABLE_productName:RFC1034Identifier___ */,
			);
			name = Widgets;
			sourceTree = "<group>";
		};
		C9986F4C1AA2541900383DA2 /* ___VARIABLE_bundleIdentifierPrefix:bundleIdentifier___.___VARIABLE_productName:RFC1034Identifier___ */ = {
			isa = PBXGroup;
			children = (
				C9986F4D1AA2541900383DA2 /* Info.plist */,
				C9986F4E1AA2541900383DA2 /* InfoPlist.strings */,
				C9986F4F1AA2541900383DA2 /* Icon.png */,
				C9986F501AA2541900383DA2 /* Icon@2x.png */,
			);
			name = "___VARIABLE_bundleIdentifierPrefix:bundleIdentifier___.___VARIABLE_productName:RFC1034Identifier___";
			sourceTree = "<group>";
		};
/* End PBXGroup section */

/* Begin PBXHeadersBuildPhase section */
		C9986F321AA2541900383DA2 /* Headers */ = {
			isa = PBXHeadersBuildPhase;
			buildActionMask = 2147483647;
			files = (
				C96749CE1AADE1BF00FF3CA9 /* CWVIBKView.h in Headers */,
			);
			runOnlyForDeploymentPostprocessing = 0;
		};
/* End PBXHeadersBuildPhase section */

/* Begin PBXNativeTarget section */
		C9986F341AA2541900383DA2 /* calendar */ = {
			isa = PBXNativeTarget;
			buildConfigurationList = C9986F541AA2541900383DA2 /* Build configuration list for PBXNativeTarget "calendar" */;
			buildPhases = (
				C9986F301AA2541900383DA2 /* Sources */,
				C9986F311AA2541900383DA2 /* Frameworks */,
				C9986F321AA2541900383DA2 /* Headers */,
				C9986F331AA2541900383DA2 /* ShellScript */,
			);
			buildRules = (
			);
			dependencies = (
			);
			name = calendar;
			productName = calendar;
			productReference = C9986F351AA2541900383DA2 /* calendar */;
			productType = "com.apple.product-type.library.dynamic";
		};
/* End PBXNativeTarget section */

/* Begin PBXProject section */
		C9986F2C1AA2541900383DA2 /* Project object */ = {
			isa = PBXProject;
			attributes = {
				LastUpgradeCheck = 0510;
			};
			buildConfigurationList = C9986F2F1AA2541900383DA2 /* Build configuration list for PBXProject "calendar" */;
			compatibilityVersion = "Xcode 3.2";
			developmentRegion = English;
			hasScannedForEncodings = 0;
			knownRegions = (
				en,
			);
			mainGroup = C9986F2B1AA2541900383DA2;
			productRefGroup = C9986F361AA2541900383DA2 /* Products */;
			projectDirPath = "";
			projectRoot = "";
			targets = (
				C9986F341AA2541900383DA2 /* calendar */,
			);
		};
/* End PBXProject section */

/* Begin PBXShellScriptBuildPhase section */
		C9986F331AA2541900383DA2 /* ShellScript */ = {
			isa = PBXShellScriptBuildPhase;
			buildActionMask = 2147483647;
			files = (
			);
			inputPaths = (
			);
			outputPaths = (
			);
			runOnlyForDeploymentPostprocessing = 0;
			shellPath = /bin/sh;
			shellScript = "/opt/iOSOpenDev/bin/iosod --xcbp";
		};
/* End PBXShellScriptBuildPhase section */

/* Begin PBXSourcesBuildPhase section */
		C9986F301AA2541900383DA2 /* Sources */ = {
			isa = PBXSourcesBuildPhase;
			buildActionMask = 2147483647;
			files = (
				C96749CF1AADE1BF00FF3CA9 /* CWVIBKView.m in Sources */,
				C9986F461AA2541900383DA2 /* calendarWidgetViewController.m in Sources */,
			);
			runOnlyForDeploymentPostprocessing = 0;
		};
/* End PBXSourcesBuildPhase section */

/* Begin XCBuildConfiguration section */
		C9986F521AA2541900383DA2 /* Debug */ = {
			isa = XCBuildConfiguration;
			buildSettings = {
				CLANG_ENABLE_MODULES = YES;
				COPY_PHASE_STRIP = NO;
				EXCLUDED_RECURSIVE_SEARCH_PATH_SUBDIRECTORIES = "*.nib *.lproj *.gch (*) .DS_Store CVS .svn .git .hg *.xcodeproj *.xcode *.pbproj *.pbxproj";
				FRAMEWORK_SEARCH_PATHS = (
					"$(iOSOpenDevPath)/frameworks/**",
					"$(SDKROOT)/System/Library/PrivateFrameworks",
				);
				GCC_C_LANGUAGE_STANDARD = gnu99;
				GCC_DYNAMIC_NO_PIC = NO;
				GCC_OPTIMIZATION_LEVEL = 0;
				GCC_PREPROCESSOR_DEFINITIONS = (
					"DEBUG=1",
					"$(inherited)",
				);
				GCC_SYMBOLS_PRIVATE_EXTERN = NO;
				GCC_WARN_ABOUT_MISSING_PROTOTYPES = YES;
				GCC_WARN_ABOUT_RETURN_TYPE = YES;
				GCC_WARN_UNUSED_VARIABLE = YES;
				HEADER_SEARCH_PATHS = "$(iOSOpenDevPath)/include/**";
				IPHONEOS_DEPLOYMENT_TARGET = 7.1;
				LIBRARY_SEARCH_PATHS = "$(iOSOpenDevPath)/lib/**";
				ONLY_ACTIVE_ARCH = YES;
				SDKROOT = iphoneos;
				TARGETED_DEVICE_FAMILY = "1,2";
				VALIDATE_PRODUCT = NO;
				iOSOpenDevPath = /opt/iOSOpenDev;
			};
			name = Debug;
		};
		C9986F531AA2541900383DA2 /* Release */ = {
			isa = XCBuildConfiguration;
			buildSettings = {
				CLANG_ENABLE_MODULES = YES;
				COPY_PHASE_STRIP = YES;
				EXCLUDED_RECURSIVE_SEARCH_PATH_SUBDIRECTORIES = "*.nib *.lproj *.gch (*) .DS_Store CVS .svn .git .hg *.xcodeproj *.xcode *.pbproj *.pbxproj";
				FRAMEWORK_SEARCH_PATHS = (
					"$(iOSOpenDevPath)/frameworks/**",
					"$(SDKROOT)/System/Library/PrivateFrameworks",
				);
				GCC_C_LANGUAGE_STANDARD = gnu99;
				GCC_WARN_ABOUT_MISSING_PROTOTYPES = YES;
				GCC_WARN_ABOUT_RETURN_TYPE = YES;
				GCC_WARN_UNUSED_VARIABLE = YES;
				HEADER_SEARCH_PATHS = "$(iOSOpenDevPath)/include/**";
				IPHONEOS_DEPLOYMENT_TARGET = 7.1;
				LIBRARY_SEARCH_PATHS = "$(iOSOpenDevPath)/lib/**";
				SDKROOT = iphoneos;
				TARGETED_DEVICE_FAMILY = "1,2";
				VALIDATE_PRODUCT = YES;
				iOSOpenDevPath = /opt/iOSOpenDev;
			};
			name = Release;
		};
		C9986F551AA2541900383DA2 /* Debug */ = {
			isa = XCBuildConfiguration;
			buildSettings = {
				CODE_SIGN_IDENTITY = "";
				DYLIB_COMPATIBILITY_VERSION = 1;
				DYLIB_CURRENT_VERSION = 1;
				EXECUTABLE_EXTENSION = dylib;
				EXECUTABLE_NAME = calendar;
				GCC_PRECOMPILE_PREFIX_HEADER = YES;
				GCC_PREFIX_HEADER = "calendar/calendar-Prefix.pch";
				INSTALL_PATH = /var/mobile/Library/Curago/Widgets/com.matchstic.calendar;
				PRODUCT_NAME = "$(TARGET_NAME)";
				iOSOpenDevBuildPackageOnAnyBuild = NO;
				iOSOpenDevCopyOnBuild = NO;
				iOSOpenDevDevice = "";
				iOSOpenDevInstallOnAnyBuild = NO;
				iOSOpenDevInstallOnProfiling = YES;
				iOSOpenDevRespringOnInstall = YES;
				iOSOpenDevUsePackageVersionPList = YES;
			};
			name = Debug;
		};
		C9986F561AA2541900383DA2 /* Release */ = {
			isa = XCBuildConfiguration;
			buildSettings = {
				CODE_SIGN_IDENTITY = "";
				DYLIB_COMPATIBILITY_VERSION = 1;
				DYLIB_CURRENT_VERSION = 1;
				EXECUTABLE_EXTENSION = dylib;
				EXECUTABLE_NAME = calendar;
				GCC_PRECOMPILE_PREFIX_HEADER = YES;
				GCC_PREFIX_HEADER = "calendar/calendar-Prefix.pch";
				INSTALL_PATH = /var/mobile/Library/Curago/Widgets/com.matchstic.calendar;
				PRODUCT_NAME = "$(TARGET_NAME)";
				iOSOpenDevBuildPackageOnAnyBuild = NO;
				iOSOpenDevCopyOnBuild = NO;
				iOSOpenDevDevice = "";
				iOSOpenDevInstallOnAnyBuild = NO;
				iOSOpenDevInstallOnProfiling = YES;
				iOSOpenDevRespringOnInstall = YES;
				iOSOpenDevUsePackageVersionPList = YES;
			};
			name = Release;
		};
/* End XCBuildConfiguration section */

/* Begin XCConfigurationList section */
		C9986F2F1AA2541900383DA2 /* Build configuration list for PBXProject "calendar" */ = {
			isa = XCConfigurationList;
			buildConfigurations = (
				C9986F521AA2541900383DA2 /* Debug */,
				C9986F531AA2541900383DA2 /* Release */,
			);
			defaultConfigurationIsVisible = 0;
			defaultConfigurationName = Release;
		};
		C9986F541AA2541900383DA2 /* Build configuration list for PBXNativeTarget "calendar" */ = {
			isa = XCConfigurationList;
			buildConfigurations = (
				C9986F551AA2541900383DA2 /* Debug */,
				C9986F561AA2541900383DA2 /* Release */,
			);
			defaultConfigurationIsVisible = 0;
			defaultConfigurationName = Release;
		};
/* End XCConfigurationList section */
	};
	rootObject = C9986F2C1AA2541900383DA2 /* Project object */;
}
