// !$*UTF8*$!
{
	archiveVersion = 1;
	classes = {
	};
	objectVersion = 46;
	objects = {

/* Begin PBXBuildFile section */
		C94890D81ABDBB050041F86F /* CVLaunchpadModalController.h in Headers */ = {isa = PBXBuildFile; fileRef = C94890D61ABDBB050041F86F /* CVLaunchpadModalController.h */; };
		C94890D91ABDBB050041F86F /* CVLaunchpadModalController.m in Sources */ = {isa = PBXBuildFile; fileRef = C94890D71ABDBB050041F86F /* CVLaunchpadModalController.m */; };
		C96194801A98D988001E7914 /* Foundation.framework in Frameworks */ = {isa = PBXBuildFile; fileRef = C961947F1A98D988001E7914 /* Foundation.framework */; };
		C96194821A98D988001E7914 /* UIKit.framework in Frameworks */ = {isa = PBXBuildFile; fileRef = C96194811A98D988001E7914 /* UIKit.framework */; };
		C96194841A98D988001E7914 /* Preferences.framework in Frameworks */ = {isa = PBXBuildFile; fileRef = C96194831A98D988001E7914 /* Preferences.framework */; };
		C961948F1A98D988001E7914 /* curagoController.m in Sources */ = {isa = PBXBuildFile; fileRef = C961948E1A98D988001E7914 /* curagoController.m */; };
		C96194AE1A98DF35001E7914 /* FBShimmering-Prefix.pch in Headers */ = {isa = PBXBuildFile; fileRef = C96194A81A98DF35001E7914 /* FBShimmering-Prefix.pch */; };
		C96194AF1A98DF35001E7914 /* FBShimmering.h in Headers */ = {isa = PBXBuildFile; fileRef = C96194A91A98DF35001E7914 /* FBShimmering.h */; };
		C96194B01A98DF35001E7914 /* FBShimmeringLayer.h in Headers */ = {isa = PBXBuildFile; fileRef = C96194AA1A98DF35001E7914 /* FBShimmeringLayer.h */; };
		C96194B11A98DF35001E7914 /* FBShimmeringLayer.m in Sources */ = {isa = PBXBuildFile; fileRef = C96194AB1A98DF35001E7914 /* FBShimmeringLayer.m */; };
		C96194B21A98DF35001E7914 /* FBShimmeringView.h in Headers */ = {isa = PBXBuildFile; fileRef = C96194AC1A98DF35001E7914 /* FBShimmeringView.h */; };
		C96194B31A98DF35001E7914 /* FBShimmeringView.m in Sources */ = {isa = PBXBuildFile; fileRef = C96194AD1A98DF35001E7914 /* FBShimmeringView.m */; };
		C96194B61A98DF4C001E7914 /* CKBlurView.h in Headers */ = {isa = PBXBuildFile; fileRef = C96194B41A98DF4C001E7914 /* CKBlurView.h */; };
		C96194B71A98DF4C001E7914 /* CKBlurView.m in Sources */ = {isa = PBXBuildFile; fileRef = C96194B51A98DF4C001E7914 /* CKBlurView.m */; };
		C972E7281AB8906D006DE26B /* OrderedDictionary.h in Headers */ = {isa = PBXBuildFile; fileRef = C972E7261AB8906D006DE26B /* OrderedDictionary.h */; };
		C972E7291AB8906D006DE26B /* OrderedDictionary.m in Sources */ = {isa = PBXBuildFile; fileRef = C972E7271AB8906D006DE26B /* OrderedDictionary.m */; };
		C972E72B1AB89275006DE26B /* libapplist.dylib in Frameworks */ = {isa = PBXBuildFile; fileRef = C972E72A1AB89275006DE26B /* libapplist.dylib */; };
		C997D1DB1ABB113B00DB4294 /* IBKWidgetSettingsController.h in Headers */ = {isa = PBXBuildFile; fileRef = C997D1D91ABB113B00DB4294 /* IBKWidgetSettingsController.h */; };
		C997D1DC1ABB113B00DB4294 /* IBKWidgetSettingsController.m in Sources */ = {isa = PBXBuildFile; fileRef = C997D1DA1ABB113B00DB4294 /* IBKWidgetSettingsController.m */; };
		C9A94E4D1ABA169E00ED4C69 /* IBKCreatorController.h in Headers */ = {isa = PBXBuildFile; fileRef = C9A94E4B1ABA169E00ED4C69 /* IBKCreatorController.h */; };
		C9A94E4E1ABA169E00ED4C69 /* IBKCreatorController.m in Sources */ = {isa = PBXBuildFile; fileRef = C9A94E4C1ABA169E00ED4C69 /* IBKCreatorController.m */; };
		C9A94E511ABA1E7600ED4C69 /* IBKCreatorCell.h in Headers */ = {isa = PBXBuildFile; fileRef = C9A94E4F1ABA1E7600ED4C69 /* IBKCreatorCell.h */; };
		C9A94E521ABA1E7600ED4C69 /* IBKCreatorCell.m in Sources */ = {isa = PBXBuildFile; fileRef = C9A94E501ABA1E7600ED4C69 /* IBKCreatorCell.m */; };
		C9AD7D3D1ADE69E000915070 /* IBKPINModalController.h in Headers */ = {isa = PBXBuildFile; fileRef = C9AD7D3B1ADE69E000915070 /* IBKPINModalController.h */; };
		C9AD7D3E1ADE69E000915070 /* IBKPINModalController.m in Sources */ = {isa = PBXBuildFile; fileRef = C9AD7D3C1ADE69E000915070 /* IBKPINModalController.m */; };
		C9B5A6601AD8546700F0F93D /* IBKWidgetSelectorController.h in Headers */ = {isa = PBXBuildFile; fileRef = C9B5A65E1AD8546700F0F93D /* IBKWidgetSelectorController.h */; };
		C9B5A6611AD8546700F0F93D /* IBKWidgetSelectorController.m in Sources */ = {isa = PBXBuildFile; fileRef = C9B5A65F1AD8546700F0F93D /* IBKWidgetSelectorController.m */; };
		C9B8537A1ADDB277003A89F9 /* IBKPasscodeController.h in Headers */ = {isa = PBXBuildFile; fileRef = C9B853781ADDB277003A89F9 /* IBKPasscodeController.h */; };
		C9B8537B1ADDB277003A89F9 /* IBKPasscodeController.m in Sources */ = {isa = PBXBuildFile; fileRef = C9B853791ADDB277003A89F9 /* IBKPasscodeController.m */; };
		C9CCCBC11A9E5DA800480738 /* iCarousel.h in Headers */ = {isa = PBXBuildFile; fileRef = C9CCCBBF1A9E5DA800480738 /* iCarousel.h */; };
		C9CCCBC21A9E5DA800480738 /* iCarousel.m in Sources */ = {isa = PBXBuildFile; fileRef = C9CCCBC01A9E5DA800480738 /* iCarousel.m */; };
		C9CCCBC51A9E5E5F00480738 /* IBKCarouselController.h in Headers */ = {isa = PBXBuildFile; fileRef = C9CCCBC31A9E5E5F00480738 /* IBKCarouselController.h */; };
		C9CCCBC61A9E5E5F00480738 /* IBKCarouselController.m in Sources */ = {isa = PBXBuildFile; fileRef = C9CCCBC41A9E5E5F00480738 /* IBKCarouselController.m */; };
		C9D1ECD01A9F8B9700FC5EF4 /* IBKHeaderView.h in Headers */ = {isa = PBXBuildFile; fileRef = C9D1ECCE1A9F8B9700FC5EF4 /* IBKHeaderView.h */; };
		C9D1ECD11A9F8B9700FC5EF4 /* IBKHeaderView.m in Sources */ = {isa = PBXBuildFile; fileRef = C9D1ECCF1A9F8B9700FC5EF4 /* IBKHeaderView.m */; };
		C9DBBE2C1ABC7E330074C42D /* CoreGraphics.framework in Frameworks */ = {isa = PBXBuildFile; fileRef = C9DBBE251ABC7E330074C42D /* CoreGraphics.framework */; };
		C9DBBE2F1ABC7E330074C42D /* QuartzCore.framework in Frameworks */ = {isa = PBXBuildFile; fileRef = C9DBBE281ABC7E330074C42D /* QuartzCore.framework */; };
/* End PBXBuildFile section */

/* Begin PBXFileReference section */
		C94890D61ABDBB050041F86F /* CVLaunchpadModalController.h */ = {isa = PBXFileReference; fileEncoding = 4; lastKnownFileType = sourcecode.c.h; path = CVLaunchpadModalController.h; sourceTree = "<group>"; };
		C94890D71ABDBB050041F86F /* CVLaunchpadModalController.m */ = {isa = PBXFileReference; fileEncoding = 4; lastKnownFileType = sourcecode.c.objc; path = CVLaunchpadModalController.m; sourceTree = "<group>"; };
		C961947C1A98D988001E7914 /* curago.bundle */ = {isa = PBXFileReference; explicitFileType = wrapper.cfbundle; includeInIndex = 0; path = curago.bundle; sourceTree = BUILT_PRODUCTS_DIR; };
		C961947F1A98D988001E7914 /* Foundation.framework */ = {isa = PBXFileReference; lastKnownFileType = wrapper.framework; name = Foundation.framework; path = System/Library/Frameworks/Foundation.framework; sourceTree = SDKROOT; };
		C96194811A98D988001E7914 /* UIKit.framework */ = {isa = PBXFileReference; lastKnownFileType = wrapper.framework; name = UIKit.framework; path = System/Library/Frameworks/UIKit.framework; sourceTree = SDKROOT; };
		C96194831A98D988001E7914 /* Preferences.framework */ = {isa = PBXFileReference; lastKnownFileType = wrapper.framework; name = Preferences.framework; path = Library/Frameworks/Preferences.framework; sourceTree = DEVELOPER_DIR; };
		C96194881A98D988001E7914 /* control.txt */ = {isa = PBXFileReference; lastKnownFileType = text; name = control.txt; path = Package/DEBIAN/control.txt; sourceTree = "<group>"; };
		C96194891A98D988001E7914 /* control */ = {isa = PBXFileReference; lastKnownFileType = text; name = control; path = Package/DEBIAN/control; sourceTree = "<group>"; };
		C961948B1A98D988001E7914 /* PackageVersion.plist */ = {isa = PBXFileReference; lastKnownFileType = text.plist.xml; path = PackageVersion.plist; sourceTree = "<group>"; };
		C961948C1A98D988001E7914 /* curago-Info.plist */ = {isa = PBXFileReference; lastKnownFileType = text.plist.xml; path = "curago-Info.plist"; sourceTree = "<group>"; };
		C961948D1A98D988001E7914 /* curagoController.h */ = {isa = PBXFileReference; lastKnownFileType = sourcecode.c.h; path = curagoController.h; sourceTree = "<group>"; };
		C961948E1A98D988001E7914 /* curagoController.m */ = {isa = PBXFileReference; lastKnownFileType = sourcecode.c.objc; path = curagoController.m; sourceTree = "<group>"; };
		C96194931A98D988001E7914 /* curago.plist */ = {isa = PBXFileReference; lastKnownFileType = text.plist.xml; name = curago.plist; path = Package/Library/PreferenceLoader/Preferences/curago.plist; sourceTree = "<group>"; };
		C96194961A98D988001E7914 /* curago.plist */ = {isa = PBXFileReference; lastKnownFileType = text.plist.xml; name = curago.plist; path = Package/Library/PreferenceBundles/curago.bundle/curago.plist; sourceTree = "<group>"; };
		C96194971A98D988001E7914 /* curagoIcon.png */ = {isa = PBXFileReference; lastKnownFileType = image.png; name = curagoIcon.png; path = Package/Library/PreferenceBundles/curago.bundle/curagoIcon.png; sourceTree = "<group>"; };
		C96194981A98D988001E7914 /* curagoIcon@2x.png */ = {isa = PBXFileReference; lastKnownFileType = image.png; name = "curagoIcon@2x.png"; path = "Package/Library/PreferenceBundles/curago.bundle/curagoIcon@2x.png"; sourceTree = "<group>"; };
		C961949D1A98D988001E7914 /* com.matchstic.curago.plist */ = {isa = PBXFileReference; lastKnownFileType = text.plist.xml; name = com.matchstic.curago.plist; path = Package/var/mobile/Library/Preferences/com.matchstic.curago.plist; sourceTree = "<group>"; };
		C961949E1A98D988001E7914 /* curago-Prefix.pch */ = {isa = PBXFileReference; lastKnownFileType = sourcecode.c.h; path = "curago-Prefix.pch"; sourceTree = "<group>"; };
		C96194A81A98DF35001E7914 /* FBShimmering-Prefix.pch */ = {isa = PBXFileReference; fileEncoding = 4; lastKnownFileType = sourcecode.c.h; path = "FBShimmering-Prefix.pch"; sourceTree = "<group>"; };
		C96194A91A98DF35001E7914 /* FBShimmering.h */ = {isa = PBXFileReference; fileEncoding = 4; lastKnownFileType = sourcecode.c.h; path = FBShimmering.h; sourceTree = "<group>"; };
		C96194AA1A98DF35001E7914 /* FBShimmeringLayer.h */ = {isa = PBXFileReference; fileEncoding = 4; lastKnownFileType = sourcecode.c.h; path = FBShimmeringLayer.h; sourceTree = "<group>"; };
		C96194AB1A98DF35001E7914 /* FBShimmeringLayer.m */ = {isa = PBXFileReference; fileEncoding = 4; lastKnownFileType = sourcecode.c.objc; path = FBShimmeringLayer.m; sourceTree = "<group>"; };
		C96194AC1A98DF35001E7914 /* FBShimmeringView.h */ = {isa = PBXFileReference; fileEncoding = 4; lastKnownFileType = sourcecode.c.h; path = FBShimmeringView.h; sourceTree = "<group>"; };
		C96194AD1A98DF35001E7914 /* FBShimmeringView.m */ = {isa = PBXFileReference; fileEncoding = 4; lastKnownFileType = sourcecode.c.objc; path = FBShimmeringView.m; sourceTree = "<group>"; };
		C96194B41A98DF4C001E7914 /* CKBlurView.h */ = {isa = PBXFileReference; fileEncoding = 4; lastKnownFileType = sourcecode.c.h; path = CKBlurView.h; sourceTree = "<group>"; };
		C96194B51A98DF4C001E7914 /* CKBlurView.m */ = {isa = PBXFileReference; fileEncoding = 4; lastKnownFileType = sourcecode.c.objc; path = CKBlurView.m; sourceTree = "<group>"; };
		C972E7261AB8906D006DE26B /* OrderedDictionary.h */ = {isa = PBXFileReference; fileEncoding = 4; lastKnownFileType = sourcecode.c.h; path = OrderedDictionary.h; sourceTree = "<group>"; };
		C972E7271AB8906D006DE26B /* OrderedDictionary.m */ = {isa = PBXFileReference; fileEncoding = 4; lastKnownFileType = sourcecode.c.objc; path = OrderedDictionary.m; sourceTree = "<group>"; };
		C972E72A1AB89275006DE26B /* libapplist.dylib */ = {isa = PBXFileReference; lastKnownFileType = "compiled.mach-o.dylib"; name = libapplist.dylib; path = ../../../../../../../../opt/iOSOpenDev/lib/libapplist.dylib; sourceTree = "<group>"; };
		C997D1D91ABB113B00DB4294 /* IBKWidgetSettingsController.h */ = {isa = PBXFileReference; fileEncoding = 4; lastKnownFileType = sourcecode.c.h; path = IBKWidgetSettingsController.h; sourceTree = "<group>"; };
		C997D1DA1ABB113B00DB4294 /* IBKWidgetSettingsController.m */ = {isa = PBXFileReference; fileEncoding = 4; lastKnownFileType = sourcecode.c.objc; path = IBKWidgetSettingsController.m; sourceTree = "<group>"; };
		C9A94E4B1ABA169E00ED4C69 /* IBKCreatorController.h */ = {isa = PBXFileReference; fileEncoding = 4; lastKnownFileType = sourcecode.c.h; path = IBKCreatorController.h; sourceTree = "<group>"; };
		C9A94E4C1ABA169E00ED4C69 /* IBKCreatorController.m */ = {isa = PBXFileReference; fileEncoding = 4; lastKnownFileType = sourcecode.c.objc; path = IBKCreatorController.m; sourceTree = "<group>"; };
		C9A94E4F1ABA1E7600ED4C69 /* IBKCreatorCell.h */ = {isa = PBXFileReference; fileEncoding = 4; lastKnownFileType = sourcecode.c.h; path = IBKCreatorCell.h; sourceTree = "<group>"; };
		C9A94E501ABA1E7600ED4C69 /* IBKCreatorCell.m */ = {isa = PBXFileReference; fileEncoding = 4; lastKnownFileType = sourcecode.c.objc; path = IBKCreatorCell.m; sourceTree = "<group>"; };
		C9AD7D3B1ADE69E000915070 /* IBKPINModalController.h */ = {isa = PBXFileReference; fileEncoding = 4; lastKnownFileType = sourcecode.c.h; path = IBKPINModalController.h; sourceTree = "<group>"; };
		C9AD7D3C1ADE69E000915070 /* IBKPINModalController.m */ = {isa = PBXFileReference; fileEncoding = 4; lastKnownFileType = sourcecode.c.objc; path = IBKPINModalController.m; sourceTree = "<group>"; };
		C9B5A65E1AD8546700F0F93D /* IBKWidgetSelectorController.h */ = {isa = PBXFileReference; fileEncoding = 4; lastKnownFileType = sourcecode.c.h; path = IBKWidgetSelectorController.h; sourceTree = "<group>"; };
		C9B5A65F1AD8546700F0F93D /* IBKWidgetSelectorController.m */ = {isa = PBXFileReference; fileEncoding = 4; lastKnownFileType = sourcecode.c.objc; path = IBKWidgetSelectorController.m; sourceTree = "<group>"; };
		C9B853781ADDB277003A89F9 /* IBKPasscodeController.h */ = {isa = PBXFileReference; fileEncoding = 4; lastKnownFileType = sourcecode.c.h; path = IBKPasscodeController.h; sourceTree = "<group>"; };
		C9B853791ADDB277003A89F9 /* IBKPasscodeController.m */ = {isa = PBXFileReference; fileEncoding = 4; lastKnownFileType = sourcecode.c.objc; path = IBKPasscodeController.m; sourceTree = "<group>"; };
		C9CCCBBF1A9E5DA800480738 /* iCarousel.h */ = {isa = PBXFileReference; fileEncoding = 4; lastKnownFileType = sourcecode.c.h; path = iCarousel.h; sourceTree = "<group>"; };
		C9CCCBC01A9E5DA800480738 /* iCarousel.m */ = {isa = PBXFileReference; fileEncoding = 4; lastKnownFileType = sourcecode.c.objc; path = iCarousel.m; sourceTree = "<group>"; };
		C9CCCBC31A9E5E5F00480738 /* IBKCarouselController.h */ = {isa = PBXFileReference; fileEncoding = 4; lastKnownFileType = sourcecode.c.h; path = IBKCarouselController.h; sourceTree = "<group>"; };
		C9CCCBC41A9E5E5F00480738 /* IBKCarouselController.m */ = {isa = PBXFileReference; fileEncoding = 4; lastKnownFileType = sourcecode.c.objc; path = IBKCarouselController.m; sourceTree = "<group>"; };
		C9D1ECCE1A9F8B9700FC5EF4 /* IBKHeaderView.h */ = {isa = PBXFileReference; fileEncoding = 4; lastKnownFileType = sourcecode.c.h; path = IBKHeaderView.h; sourceTree = "<group>"; };
		C9D1ECCF1A9F8B9700FC5EF4 /* IBKHeaderView.m */ = {isa = PBXFileReference; fileEncoding = 4; lastKnownFileType = sourcecode.c.objc; path = IBKHeaderView.m; sourceTree = "<group>"; };
		C9DBBE241ABC7E330074C42D /* CoreData.framework */ = {isa = PBXFileReference; lastKnownFileType = wrapper.framework; name = CoreData.framework; path = System/Library/Frameworks/CoreData.framework; sourceTree = SDKROOT; };
		C9DBBE251ABC7E330074C42D /* CoreGraphics.framework */ = {isa = PBXFileReference; lastKnownFileType = wrapper.framework; name = CoreGraphics.framework; path = System/Library/Frameworks/CoreGraphics.framework; sourceTree = SDKROOT; };
		C9DBBE261ABC7E330074C42D /* CoreTelephony.framework */ = {isa = PBXFileReference; lastKnownFileType = wrapper.framework; name = CoreTelephony.framework; path = System/Library/Frameworks/CoreTelephony.framework; sourceTree = SDKROOT; };
		C9DBBE271ABC7E330074C42D /* MobileCoreServices.framework */ = {isa = PBXFileReference; lastKnownFileType = wrapper.framework; name = MobileCoreServices.framework; path = System/Library/Frameworks/MobileCoreServices.framework; sourceTree = SDKROOT; };
		C9DBBE281ABC7E330074C42D /* QuartzCore.framework */ = {isa = PBXFileReference; lastKnownFileType = wrapper.framework; name = QuartzCore.framework; path = System/Library/Frameworks/QuartzCore.framework; sourceTree = SDKROOT; };
		C9DBBE291ABC7E330074C42D /* Security.framework */ = {isa = PBXFileReference; lastKnownFileType = wrapper.framework; name = Security.framework; path = System/Library/Frameworks/Security.framework; sourceTree = SDKROOT; };
		C9DBBE2A1ABC7E330074C42D /* SystemConfiguration.framework */ = {isa = PBXFileReference; lastKnownFileType = wrapper.framework; name = SystemConfiguration.framework; path = System/Library/Frameworks/SystemConfiguration.framework; sourceTree = SDKROOT; };
/* End PBXFileReference section */

/* Begin PBXFrameworksBuildPhase section */
		C96194781A98D988001E7914 /* Frameworks */ = {
			isa = PBXFrameworksBuildPhase;
			buildActionMask = 2147483647;
			files = (
				C9DBBE2C1ABC7E330074C42D /* CoreGraphics.framework in Frameworks */,
				C9DBBE2F1ABC7E330074C42D /* QuartzCore.framework in Frameworks */,
				C972E72B1AB89275006DE26B /* libapplist.dylib in Frameworks */,
				C96194801A98D988001E7914 /* Foundation.framework in Frameworks */,
				C96194841A98D988001E7914 /* Preferences.framework in Frameworks */,
				C96194821A98D988001E7914 /* UIKit.framework in Frameworks */,
			);
			runOnlyForDeploymentPostprocessing = 0;
		};
/* End PBXFrameworksBuildPhase section */

/* Begin PBXGroup section */
		C96194721A98D988001E7914 = {
			isa = PBXGroup;
			children = (
				C96194851A98D988001E7914 /* curago */,
				C961947E1A98D988001E7914 /* Frameworks */,
				C961947D1A98D988001E7914 /* Products */,
			);
			sourceTree = "<group>";
		};
		C961947D1A98D988001E7914 /* Products */ = {
			isa = PBXGroup;
			children = (
				C961947C1A98D988001E7914 /* curago.bundle */,
			);
			name = Products;
			sourceTree = "<group>";
		};
		C961947E1A98D988001E7914 /* Frameworks */ = {
			isa = PBXGroup;
			children = (
				C9DBBE241ABC7E330074C42D /* CoreData.framework */,
				C9DBBE251ABC7E330074C42D /* CoreGraphics.framework */,
				C9DBBE261ABC7E330074C42D /* CoreTelephony.framework */,
				C9DBBE271ABC7E330074C42D /* MobileCoreServices.framework */,
				C9DBBE281ABC7E330074C42D /* QuartzCore.framework */,
				C9DBBE291ABC7E330074C42D /* Security.framework */,
				C9DBBE2A1ABC7E330074C42D /* SystemConfiguration.framework */,
				C972E72A1AB89275006DE26B /* libapplist.dylib */,
				C961947F1A98D988001E7914 /* Foundation.framework */,
				C96194811A98D988001E7914 /* UIKit.framework */,
				C96194831A98D988001E7914 /* Preferences.framework */,
			);
			name = Frameworks;
			sourceTree = "<group>";
		};
		C96194851A98D988001E7914 /* curago */ = {
			isa = PBXGroup;
			children = (
				C972E7261AB8906D006DE26B /* OrderedDictionary.h */,
				C972E7271AB8906D006DE26B /* OrderedDictionary.m */,
				C961948D1A98D988001E7914 /* curagoController.h */,
				C961948E1A98D988001E7914 /* curagoController.m */,
				C94890D61ABDBB050041F86F /* CVLaunchpadModalController.h */,
				C94890D71ABDBB050041F86F /* CVLaunchpadModalController.m */,
				C997D1D91ABB113B00DB4294 /* IBKWidgetSettingsController.h */,
				C997D1DA1ABB113B00DB4294 /* IBKWidgetSettingsController.m */,
				C9B5A65E1AD8546700F0F93D /* IBKWidgetSelectorController.h */,
				C9B5A65F1AD8546700F0F93D /* IBKWidgetSelectorController.m */,
				C9B853781ADDB277003A89F9 /* IBKPasscodeController.h */,
				C9B853791ADDB277003A89F9 /* IBKPasscodeController.m */,
				C9AD7D3B1ADE69E000915070 /* IBKPINModalController.h */,
				C9AD7D3C1ADE69E000915070 /* IBKPINModalController.m */,
				C9A94E4B1ABA169E00ED4C69 /* IBKCreatorController.h */,
				C9A94E4C1ABA169E00ED4C69 /* IBKCreatorController.m */,
				C9A94E4F1ABA1E7600ED4C69 /* IBKCreatorCell.h */,
				C9A94E501ABA1E7600ED4C69 /* IBKCreatorCell.m */,
				C9D1ECCE1A9F8B9700FC5EF4 /* IBKHeaderView.h */,
				C9D1ECCF1A9F8B9700FC5EF4 /* IBKHeaderView.m */,
				C9CCCBC31A9E5E5F00480738 /* IBKCarouselController.h */,
				C9CCCBC41A9E5E5F00480738 /* IBKCarouselController.m */,
				C9CCCBBF1A9E5DA800480738 /* iCarousel.h */,
				C9CCCBC01A9E5DA800480738 /* iCarousel.m */,
				C96194B41A98DF4C001E7914 /* CKBlurView.h */,
				C96194B51A98DF4C001E7914 /* CKBlurView.m */,
				C96194A81A98DF35001E7914 /* FBShimmering-Prefix.pch */,
				C96194A91A98DF35001E7914 /* FBShimmering.h */,
				C96194AA1A98DF35001E7914 /* FBShimmeringLayer.h */,
				C96194AB1A98DF35001E7914 /* FBShimmeringLayer.m */,
				C96194AC1A98DF35001E7914 /* FBShimmeringView.h */,
				C96194AD1A98DF35001E7914 /* FBShimmeringView.m */,
				C96194861A98D988001E7914 /* Package */,
				C961948A1A98D988001E7914 /* Supporting Files */,
			);
			path = curago;
			sourceTree = "<group>";
		};
		C96194861A98D988001E7914 /* Package */ = {
			isa = PBXGroup;
			children = (
				C96194871A98D988001E7914 /* DEBIAN */,
				C96194901A98D988001E7914 /* Library */,
				C96194991A98D988001E7914 /* var */,
			);
			name = Package;
			sourceTree = "<group>";
		};
		C96194871A98D988001E7914 /* DEBIAN */ = {
			isa = PBXGroup;
			children = (
				C96194881A98D988001E7914 /* control.txt */,
				C96194891A98D988001E7914 /* control */,
			);
			name = DEBIAN;
			sourceTree = "<group>";
		};
		C961948A1A98D988001E7914 /* Supporting Files */ = {
			isa = PBXGroup;
			children = (
				C961948B1A98D988001E7914 /* PackageVersion.plist */,
				C961948C1A98D988001E7914 /* curago-Info.plist */,
				C961949E1A98D988001E7914 /* curago-Prefix.pch */,
			);
			name = "Supporting Files";
			sourceTree = "<group>";
		};
		C96194901A98D988001E7914 /* Library */ = {
			isa = PBXGroup;
			children = (
				C96194911A98D988001E7914 /* PreferenceLoader */,
				C96194941A98D988001E7914 /* PreferenceBundles */,
			);
			name = Library;
			sourceTree = "<group>";
		};
		C96194911A98D988001E7914 /* PreferenceLoader */ = {
			isa = PBXGroup;
			children = (
				C96194921A98D988001E7914 /* Preferences */,
			);
			name = PreferenceLoader;
			sourceTree = "<group>";
		};
		C96194921A98D988001E7914 /* Preferences */ = {
			isa = PBXGroup;
			children = (
				C96194931A98D988001E7914 /* curago.plist */,
			);
			name = Preferences;
			sourceTree = "<group>";
		};
		C96194941A98D988001E7914 /* PreferenceBundles */ = {
			isa = PBXGroup;
			children = (
				C96194951A98D988001E7914 /* ___PACKAGENAME___.bundle */,
			);
			name = PreferenceBundles;
			sourceTree = "<group>";
		};
		C96194951A98D988001E7914 /* ___PACKAGENAME___.bundle */ = {
			isa = PBXGroup;
			children = (
				C96194961A98D988001E7914 /* curago.plist */,
				C96194971A98D988001E7914 /* curagoIcon.png */,
				C96194981A98D988001E7914 /* curagoIcon@2x.png */,
			);
			name = "___PACKAGENAME___.bundle";
			sourceTree = "<group>";
		};
		C96194991A98D988001E7914 /* var */ = {
			isa = PBXGroup;
			children = (
				C961949A1A98D988001E7914 /* mobile */,
			);
			name = var;
			sourceTree = "<group>";
		};
		C961949A1A98D988001E7914 /* mobile */ = {
			isa = PBXGroup;
			children = (
				C961949B1A98D988001E7914 /* Library */,
			);
			name = mobile;
			sourceTree = "<group>";
		};
		C961949B1A98D988001E7914 /* Library */ = {
			isa = PBXGroup;
			children = (
				C961949C1A98D988001E7914 /* Preferences */,
			);
			name = Library;
			sourceTree = "<group>";
		};
		C961949C1A98D988001E7914 /* Preferences */ = {
			isa = PBXGroup;
			children = (
				C961949D1A98D988001E7914 /* com.matchstic.curago.plist */,
			);
			name = Preferences;
			sourceTree = "<group>";
		};
/* End PBXGroup section */

/* Begin PBXHeadersBuildPhase section */
		C96194791A98D988001E7914 /* Headers */ = {
			isa = PBXHeadersBuildPhase;
			buildActionMask = 2147483647;
			files = (
				C9B8537A1ADDB277003A89F9 /* IBKPasscodeController.h in Headers */,
				C9A94E511ABA1E7600ED4C69 /* IBKCreatorCell.h in Headers */,
				C96194AF1A98DF35001E7914 /* FBShimmering.h in Headers */,
				C997D1DB1ABB113B00DB4294 /* IBKWidgetSettingsController.h in Headers */,
				C9CCCBC51A9E5E5F00480738 /* IBKCarouselController.h in Headers */,
				C9B5A6601AD8546700F0F93D /* IBKWidgetSelectorController.h in Headers */,
				C94890D81ABDBB050041F86F /* CVLaunchpadModalController.h in Headers */,
				C96194B01A98DF35001E7914 /* FBShimmeringLayer.h in Headers */,
				C972E7281AB8906D006DE26B /* OrderedDictionary.h in Headers */,
				C96194AE1A98DF35001E7914 /* FBShimmering-Prefix.pch in Headers */,
				C96194B21A98DF35001E7914 /* FBShimmeringView.h in Headers */,
				C9AD7D3D1ADE69E000915070 /* IBKPINModalController.h in Headers */,
				C9A94E4D1ABA169E00ED4C69 /* IBKCreatorController.h in Headers */,
				C9D1ECD01A9F8B9700FC5EF4 /* IBKHeaderView.h in Headers */,
				C9CCCBC11A9E5DA800480738 /* iCarousel.h in Headers */,
				C96194B61A98DF4C001E7914 /* CKBlurView.h in Headers */,
			);
			runOnlyForDeploymentPostprocessing = 0;
		};
/* End PBXHeadersBuildPhase section */

/* Begin PBXNativeTarget section */
		C961947B1A98D988001E7914 /* curago */ = {
			isa = PBXNativeTarget;
			buildConfigurationList = C96194A11A98D988001E7914 /* Build configuration list for PBXNativeTarget "curago" */;
			buildPhases = (
				C96194771A98D988001E7914 /* Sources */,
				C96194781A98D988001E7914 /* Frameworks */,
				C96194791A98D988001E7914 /* Headers */,
				C961947A1A98D988001E7914 /* ShellScript */,
			);
			buildRules = (
			);
			dependencies = (
			);
			name = curago;
			productName = curago;
			productReference = C961947C1A98D988001E7914 /* curago.bundle */;
			productType = "com.apple.product-type.bundle";
		};
/* End PBXNativeTarget section */

/* Begin PBXProject section */
		C96194731A98D988001E7914 /* Project object */ = {
			isa = PBXProject;
			attributes = {
				LastUpgradeCheck = 0510;
			};
			buildConfigurationList = C96194761A98D988001E7914 /* Build configuration list for PBXProject "curago" */;
			compatibilityVersion = "Xcode 3.2";
			developmentRegion = English;
			hasScannedForEncodings = 0;
			knownRegions = (
				en,
				ca,
				cs,
				da,
				de,
				el,
				"en-GB",
				es,
				fi,
				fr,
				hr,
				hu,
				id,
				it,
				ja,
				ko,
				ms,
				nb,
				nl,
				pl,
				"pt-PT",
				pt,
				ro,
				ru,
				sk,
				sv,
				th,
				tr,
				uk,
				vi,
				"zh-Hans",
				"zh-Hant",
			);
			mainGroup = C96194721A98D988001E7914;
			productRefGroup = C961947D1A98D988001E7914 /* Products */;
			projectDirPath = "";
			projectRoot = "";
			targets = (
				C961947B1A98D988001E7914 /* curago */,
			);
		};
/* End PBXProject section */

/* Begin PBXShellScriptBuildPhase section */
		C961947A1A98D988001E7914 /* ShellScript */ = {
			isa = PBXShellScriptBuildPhase;
			buildActionMask = 2147483647;
			files = (
			);
			inputPaths = (
			);
			outputPaths = (
			);
			runOnlyForDeploymentPostprocessing = 0;
			shellPath = /bin/sh;
			shellScript = "/opt/iOSOpenDev/bin/iosod --xcbp";
		};
/* End PBXShellScriptBuildPhase section */

/* Begin PBXSourcesBuildPhase section */
		C96194771A98D988001E7914 /* Sources */ = {
			isa = PBXSourcesBuildPhase;
			buildActionMask = 2147483647;
			files = (
				C9CCCBC61A9E5E5F00480738 /* IBKCarouselController.m in Sources */,
				C9A94E4E1ABA169E00ED4C69 /* IBKCreatorController.m in Sources */,
				C972E7291AB8906D006DE26B /* OrderedDictionary.m in Sources */,
				C96194B11A98DF35001E7914 /* FBShimmeringLayer.m in Sources */,
				C9B8537B1ADDB277003A89F9 /* IBKPasscodeController.m in Sources */,
				C961948F1A98D988001E7914 /* curagoController.m in Sources */,
				C9CCCBC21A9E5DA800480738 /* iCarousel.m in Sources */,
				C9AD7D3E1ADE69E000915070 /* IBKPINModalController.m in Sources */,
				C96194B71A98DF4C001E7914 /* CKBlurView.m in Sources */,
				C997D1DC1ABB113B00DB4294 /* IBKWidgetSettingsController.m in Sources */,
				C9A94E521ABA1E7600ED4C69 /* IBKCreatorCell.m in Sources */,
				C9B5A6611AD8546700F0F93D /* IBKWidgetSelectorController.m in Sources */,
				C94890D91ABDBB050041F86F /* CVLaunchpadModalController.m in Sources */,
				C9D1ECD11A9F8B9700FC5EF4 /* IBKHeaderView.m in Sources */,
				C96194B31A98DF35001E7914 /* FBShimmeringView.m in Sources */,
			);
			runOnlyForDeploymentPostprocessing = 0;
		};
/* End PBXSourcesBuildPhase section */

/* Begin XCBuildConfiguration section */
		C961949F1A98D988001E7914 /* Debug */ = {
			isa = XCBuildConfiguration;
			buildSettings = {
				CLANG_ENABLE_MODULES = YES;
				COPY_PHASE_STRIP = NO;
				EXCLUDED_RECURSIVE_SEARCH_PATH_SUBDIRECTORIES = "*.nib *.lproj *.gch (*) .DS_Store CVS .svn .git .hg *.xcodeproj *.xcode *.pbproj *.pbxproj";
				FRAMEWORK_SEARCH_PATHS = (
					"$(iOSOpenDevPath)/frameworks/**",
					"$(SDKROOT)/System/Library/PrivateFrameworks",
				);
				GCC_C_LANGUAGE_STANDARD = gnu99;
				GCC_DYNAMIC_NO_PIC = NO;
				GCC_OPTIMIZATION_LEVEL = 0;
				GCC_PREPROCESSOR_DEFINITIONS = (
					"DEBUG=1",
					"$(inherited)",
				);
				GCC_SYMBOLS_PRIVATE_EXTERN = NO;
				GCC_WARN_ABOUT_MISSING_PROTOTYPES = YES;
				GCC_WARN_ABOUT_RETURN_TYPE = YES;
				GCC_WARN_UNUSED_VARIABLE = YES;
				HEADER_SEARCH_PATHS = "$(iOSOpenDevPath)/include/**";
				IPHONEOS_DEPLOYMENT_TARGET = 7.0;
				LIBRARY_SEARCH_PATHS = "$(iOSOpenDevPath)/lib/**";
				ONLY_ACTIVE_ARCH = YES;
				SDKROOT = iphoneos;
				TARGETED_DEVICE_FAMILY = "1,2";
				VALIDATE_PRODUCT = NO;
				iOSOpenDevPath = /opt/iOSOpenDev;
			};
			name = Debug;
		};
		C96194A01A98D988001E7914 /* Release */ = {
			isa = XCBuildConfiguration;
			buildSettings = {
				CLANG_ENABLE_MODULES = YES;
				COPY_PHASE_STRIP = YES;
				EXCLUDED_RECURSIVE_SEARCH_PATH_SUBDIRECTORIES = "*.nib *.lproj *.gch (*) .DS_Store CVS .svn .git .hg *.xcodeproj *.xcode *.pbproj *.pbxproj";
				FRAMEWORK_SEARCH_PATHS = (
					"$(iOSOpenDevPath)/frameworks/**",
					"$(SDKROOT)/System/Library/PrivateFrameworks",
				);
				GCC_C_LANGUAGE_STANDARD = gnu99;
				GCC_WARN_ABOUT_MISSING_PROTOTYPES = YES;
				GCC_WARN_ABOUT_RETURN_TYPE = YES;
				GCC_WARN_UNUSED_VARIABLE = YES;
				HEADER_SEARCH_PATHS = "$(iOSOpenDevPath)/include/**";
				IPHONEOS_DEPLOYMENT_TARGET = 7.0;
				LIBRARY_SEARCH_PATHS = "$(iOSOpenDevPath)/lib/**";
				SDKROOT = iphoneos;
				TARGETED_DEVICE_FAMILY = "1,2";
				VALIDATE_PRODUCT = YES;
				iOSOpenDevPath = /opt/iOSOpenDev;
			};
			name = Release;
		};
		C96194A21A98D988001E7914 /* Debug */ = {
			isa = XCBuildConfiguration;
			buildSettings = {
				ARCHS = "$(ARCHS_STANDARD)";
				CLANG_ENABLE_OBJC_ARC = YES;
				CODE_SIGN_IDENTITY = "";
				FRAMEWORK_SEARCH_PATHS = (
					"$(inherited)",
					"$(DEVELOPER_FRAMEWORKS_DIR)",
					"$(PROJECT_DIR)/curago",
				);
				GCC_PRECOMPILE_PREFIX_HEADER = YES;
				GCC_PREFIX_HEADER = "curago/curago-Prefix.pch";
				INFOPLIST_FILE = "curago/curago-Info.plist";
				INSTALL_PATH = /Library/PreferenceBundles;
				IPHONEOS_DEPLOYMENT_TARGET = 7.0;
				LIBRARY_SEARCH_PATHS = (
					"$(inherited)",
					/opt/iOSOpenDev/lib,
					"/Users/Matt/iOS/Projects/Convergance/Convergance/Convergance/PreferenceBundle/Convergance-Prefs/uservoice-ios-sdk/dist/dist/UserVoiceSDK-3.0.3",
					"$(PROJECT_DIR)/curago",
				);
				PRODUCT_NAME = "$(TARGET_NAME)";
				WRAPPER_EXTENSION = bundle;
				iOSOpenDevBuildPackageOnAnyBuild = NO;
				iOSOpenDevCopyOnBuild = NO;
				iOSOpenDevDevice = "";
				iOSOpenDevInstallOnAnyBuild = NO;
				iOSOpenDevInstallOnProfiling = NO;
				iOSOpenDevRespringOnInstall = YES;
				iOSOpenDevUsePackageVersionPList = YES;
			};
			name = Debug;
		};
		C96194A31A98D988001E7914 /* Release */ = {
			isa = XCBuildConfiguration;
			buildSettings = {
				ARCHS = "$(ARCHS_STANDARD)";
				CLANG_ENABLE_OBJC_ARC = YES;
				CODE_SIGN_IDENTITY = "";
				FRAMEWORK_SEARCH_PATHS = (
					"$(inherited)",
					"$(DEVELOPER_FRAMEWORKS_DIR)",
					"$(PROJECT_DIR)/curago",
				);
				GCC_PRECOMPILE_PREFIX_HEADER = YES;
				GCC_PREFIX_HEADER = "curago/curago-Prefix.pch";
				INFOPLIST_FILE = "curago/curago-Info.plist";
				INSTALL_PATH = /Library/PreferenceBundles;
				IPHONEOS_DEPLOYMENT_TARGET = 7.0;
				LIBRARY_SEARCH_PATHS = (
					"$(inherited)",
					/opt/iOSOpenDev/lib,
					"/Users/Matt/iOS/Projects/Convergance/Convergance/Convergance/PreferenceBundle/Convergance-Prefs/uservoice-ios-sdk/dist/dist/UserVoiceSDK-3.0.3",
					"$(PROJECT_DIR)/curago",
				);
				PRODUCT_NAME = "$(TARGET_NAME)";
				WRAPPER_EXTENSION = bundle;
				iOSOpenDevBuildPackageOnAnyBuild = NO;
				iOSOpenDevCopyOnBuild = NO;
				iOSOpenDevDevice = "";
				iOSOpenDevInstallOnAnyBuild = NO;
				iOSOpenDevInstallOnProfiling = NO;
				iOSOpenDevRespringOnInstall = YES;
				iOSOpenDevUsePackageVersionPList = YES;
			};
			name = Release;
		};
/* End XCBuildConfiguration section */

/* Begin XCConfigurationList section */
		C96194761A98D988001E7914 /* Build configuration list for PBXProject "curago" */ = {
			isa = XCConfigurationList;
			buildConfigurations = (
				C961949F1A98D988001E7914 /* Debug */,
				C96194A01A98D988001E7914 /* Release */,
			);
			defaultConfigurationIsVisible = 0;
			defaultConfigurationName = Release;
		};
		C96194A11A98D988001E7914 /* Build configuration list for PBXNativeTarget "curago" */ = {
			isa = XCConfigurationList;
			buildConfigurations = (
				C96194A21A98D988001E7914 /* Debug */,
				C96194A31A98D988001E7914 /* Release */,
			);
			defaultConfigurationIsVisible = 0;
			defaultConfigurationName = Release;
		};
/* End XCConfigurationList section */
	};
	rootObject = C96194731A98D988001E7914 /* Project object */;
}
